// !$*UTF8*$!
{
	archiveVersion = 1;
	classes = {
	};
	objectVersion = 55;
	objects = {

/* Begin PBXBuildFile section */
		A4266E2E288EA3ED00C98D01 /* FirstViewController2.swift in Sources */ = {isa = PBXBuildFile; fileRef = A4266E2D288EA3ED00C98D01 /* FirstViewController2.swift */; };
		A4266E31288EA4D500C98D01 /* FirstViewController2+ConfigureUIs.swift in Sources */ = {isa = PBXBuildFile; fileRef = A4266E30288EA4D500C98D01 /* FirstViewController2+ConfigureUIs.swift */; };
		A4277E1E286051FB007F66D5 /* AppDelegate.swift in Sources */ = {isa = PBXBuildFile; fileRef = A4277E1D286051FB007F66D5 /* AppDelegate.swift */; };
		A4277E20286051FB007F66D5 /* SceneDelegate.swift in Sources */ = {isa = PBXBuildFile; fileRef = A4277E1F286051FB007F66D5 /* SceneDelegate.swift */; };
		A4277E22286051FB007F66D5 /* GameViewController.swift in Sources */ = {isa = PBXBuildFile; fileRef = A4277E21286051FB007F66D5 /* GameViewController.swift */; };
		A4277E25286051FB007F66D5 /* Main.storyboard in Resources */ = {isa = PBXBuildFile; fileRef = A4277E23286051FB007F66D5 /* Main.storyboard */; };
		A4277E27286051FD007F66D5 /* Assets.xcassets in Resources */ = {isa = PBXBuildFile; fileRef = A4277E26286051FD007F66D5 /* Assets.xcassets */; };
		A4277E2A286051FD007F66D5 /* LaunchScreen.storyboard in Resources */ = {isa = PBXBuildFile; fileRef = A4277E28286051FD007F66D5 /* LaunchScreen.storyboard */; };
		A4320173288E83F00040EB83 /* HomeViewController.swift in Sources */ = {isa = PBXBuildFile; fileRef = A4320172288E83F00040EB83 /* HomeViewController.swift */; };
		A4320175288E85160040EB83 /* HomeViewController+ConfigureUIs.swift in Sources */ = {isa = PBXBuildFile; fileRef = A4320174288E85160040EB83 /* HomeViewController+ConfigureUIs.swift */; };
		A4320177288E8E060040EB83 /* HomeViewController+GameCollectionView.swift in Sources */ = {isa = PBXBuildFile; fileRef = A4320176288E8E060040EB83 /* HomeViewController+GameCollectionView.swift */; };
		A432017A288E8E4F0040EB83 /* GameCollectionCell.swift in Sources */ = {isa = PBXBuildFile; fileRef = A4320178288E8E4F0040EB83 /* GameCollectionCell.swift */; };
		A432017B288E8E4F0040EB83 /* GameCollectionCell.xib in Resources */ = {isa = PBXBuildFile; fileRef = A4320179288E8E4F0040EB83 /* GameCollectionCell.xib */; };
		A432017D288E8F180040EB83 /* Game.swift in Sources */ = {isa = PBXBuildFile; fileRef = A432017C288E8F180040EB83 /* Game.swift */; };
		A432017F288E974C0040EB83 /* HomeViewController+ViewDidLoad.swift in Sources */ = {isa = PBXBuildFile; fileRef = A432017E288E974B0040EB83 /* HomeViewController+ViewDidLoad.swift */; };
		A4320181288E976D0040EB83 /* HomeViewController+CollectionViewDelegates.swift in Sources */ = {isa = PBXBuildFile; fileRef = A4320180288E976D0040EB83 /* HomeViewController+CollectionViewDelegates.swift */; };
		A4320183288E9C4C0040EB83 /* HomeViewController+ConfigSideMenu.swift in Sources */ = {isa = PBXBuildFile; fileRef = A4320182288E9C4C0040EB83 /* HomeViewController+ConfigSideMenu.swift */; };
		A4320185288E9D080040EB83 /* HomeViewController+SideMenuActions.swift in Sources */ = {isa = PBXBuildFile; fileRef = A4320184288E9D080040EB83 /* HomeViewController+SideMenuActions.swift */; };
		A4320187288E9DA50040EB83 /* HomeViewController+SideMenuDelegate.swift in Sources */ = {isa = PBXBuildFile; fileRef = A4320186288E9DA50040EB83 /* HomeViewController+SideMenuDelegate.swift */; };
		A436767B288FC0CC001F0B41 /* GameViewController2+GameLogic.swift in Sources */ = {isa = PBXBuildFile; fileRef = A436767A288FC0CC001F0B41 /* GameViewController2+GameLogic.swift */; };
		A436767D288FDB24001F0B41 /* GameViewController2+Reset.swift in Sources */ = {isa = PBXBuildFile; fileRef = A436767C288FDB24001F0B41 /* GameViewController2+Reset.swift */; };
		A4367683288FDE7B001F0B41 /* GameViewController3+Reset.swift in Sources */ = {isa = PBXBuildFile; fileRef = A4367682288FDE7B001F0B41 /* GameViewController3+Reset.swift */; };
		A43ED21A2862B83200221E95 /* FirstViewController+ConfigDatabase.swift in Sources */ = {isa = PBXBuildFile; fileRef = A43ED2192862B83200221E95 /* FirstViewController+ConfigDatabase.swift */; };
		A43ED21C2862BBBD00221E95 /* libsqlite3.0.tbd in Frameworks */ = {isa = PBXBuildFile; fileRef = A43ED21B2862BA9700221E95 /* libsqlite3.0.tbd */; settings = {ATTRIBUTES = (Required, ); }; };
		A43ED21D2862BC9400221E95 /* Pods_SwiftMemoryGame.framework in Frameworks */ = {isa = PBXBuildFile; fileRef = 57347C5D84FAA99B5635772B /* Pods_SwiftMemoryGame.framework */; };
		A43ED2212862BE0700221E95 /* FirstViewController+FetchData.swift in Sources */ = {isa = PBXBuildFile; fileRef = A43ED2202862BE0700221E95 /* FirstViewController+FetchData.swift */; };
		A43ED2242862D88600221E95 /* libsqlite3.0.tbd in Embed Frameworks */ = {isa = PBXBuildFile; fileRef = A43ED21B2862BA9700221E95 /* libsqlite3.0.tbd */; settings = {ATTRIBUTES = (CodeSignOnCopy, ); }; };
		A43ED22E2862F63100221E95 /* RankingViewController+ControlSegmentedControl.swift in Sources */ = {isa = PBXBuildFile; fileRef = A43ED22D2862F63100221E95 /* RankingViewController+ControlSegmentedControl.swift */; };
		A43ED2302863043000221E95 /* GameViewController+TimerRun.swift in Sources */ = {isa = PBXBuildFile; fileRef = A43ED22F2863043000221E95 /* GameViewController+TimerRun.swift */; };
		A441EFBD2861686900250CCA /* GameViewController+Timer.swift in Sources */ = {isa = PBXBuildFile; fileRef = A441EFBC2861686900250CCA /* GameViewController+Timer.swift */; };
		A441EFBF28616EDA00250CCA /* FirstViewController.swift in Sources */ = {isa = PBXBuildFile; fileRef = A441EFBE28616ED900250CCA /* FirstViewController.swift */; };
		A441EFC128616F4800250CCA /* GameViewController+ViewDidAppear.swift in Sources */ = {isa = PBXBuildFile; fileRef = A441EFC028616F4800250CCA /* GameViewController+ViewDidAppear.swift */; };
		A441EFC328617A0200250CCA /* FirstViewController+StartGame.swift in Sources */ = {isa = PBXBuildFile; fileRef = A441EFC228617A0200250CCA /* FirstViewController+StartGame.swift */; };
		A441EFC528617A2300250CCA /* FirstViewController+ViewDidLoad.swift in Sources */ = {isa = PBXBuildFile; fileRef = A441EFC428617A2300250CCA /* FirstViewController+ViewDidLoad.swift */; };
		A441EFC728617A5000250CCA /* FirstViewController+PrepareForSegue.swift in Sources */ = {isa = PBXBuildFile; fileRef = A441EFC628617A5000250CCA /* FirstViewController+PrepareForSegue.swift */; };
		A441EFC928617ACF00250CCA /* FirstViewController+GameMode.swift in Sources */ = {isa = PBXBuildFile; fileRef = A441EFC828617ACF00250CCA /* FirstViewController+GameMode.swift */; };
		A441EFCB28617E2400250CCA /* FirstViewController+PickerConfig.swift in Sources */ = {isa = PBXBuildFile; fileRef = A441EFCA28617E2400250CCA /* FirstViewController+PickerConfig.swift */; };
		A441EFCD286182C700250CCA /* FirstViewController+GameModeChosen.swift in Sources */ = {isa = PBXBuildFile; fileRef = A441EFCC286182C700250CCA /* FirstViewController+GameModeChosen.swift */; };
		A446BDC32879CEB80008993F /* FirstViewController+SignIn.swift in Sources */ = {isa = PBXBuildFile; fileRef = A446BDC22879CEB80008993F /* FirstViewController+SignIn.swift */; };
		A446BDC52879D5800008993F /* FirstViewController+SignUp.swift in Sources */ = {isa = PBXBuildFile; fileRef = A446BDC42879D5800008993F /* FirstViewController+SignUp.swift */; };
		A446BDC72879DC550008993F /* FirstViewController+SearchUser.swift in Sources */ = {isa = PBXBuildFile; fileRef = A446BDC62879DC550008993F /* FirstViewController+SearchUser.swift */; };
		A44F6ED12885999A00D04604 /* SideMenuView.swift in Sources */ = {isa = PBXBuildFile; fileRef = A44F6ED02885999A00D04604 /* SideMenuView.swift */; };
		A44F6ED4288599E500D04604 /* SideMenuViewController+ConfigureTableView.swift in Sources */ = {isa = PBXBuildFile; fileRef = A44F6ED3288599E500D04604 /* SideMenuViewController+ConfigureTableView.swift */; };
		A44F6ED828859ABF00D04604 /* SideMenuCell.swift in Sources */ = {isa = PBXBuildFile; fileRef = A44F6ED628859ABF00D04604 /* SideMenuCell.swift */; };
		A44F6ED928859ABF00D04604 /* SideMenuCell.xib in Resources */ = {isa = PBXBuildFile; fileRef = A44F6ED728859ABF00D04604 /* SideMenuCell.xib */; };
		A44F6EDB28859B7A00D04604 /* SideMenuModel.swift in Sources */ = {isa = PBXBuildFile; fileRef = A44F6EDA28859B7A00D04604 /* SideMenuModel.swift */; };
		A453ACAF2861F8660039DFB4 /* FirstViewController+ViewDidAppear.swift in Sources */ = {isa = PBXBuildFile; fileRef = A453ACAE2861F8660039DFB4 /* FirstViewController+ViewDidAppear.swift */; };
		A453ACB12861FBCF0039DFB4 /* Note in Sources */ = {isa = PBXBuildFile; fileRef = A453ACB02861FBCF0039DFB4 /* Note */; };
		A458CC61288F013500950043 /* GameViewController+ConfigureGameUIs.swift in Sources */ = {isa = PBXBuildFile; fileRef = A458CC60288F013500950043 /* GameViewController+ConfigureGameUIs.swift */; };
		A45D5F652861BA3A009C86C7 /* RankingViewController.swift in Sources */ = {isa = PBXBuildFile; fileRef = A45D5F642861BA3A009C86C7 /* RankingViewController.swift */; };
		A45D5F672861BAA6009C86C7 /* Player.swift in Sources */ = {isa = PBXBuildFile; fileRef = A45D5F662861BAA6009C86C7 /* Player.swift */; };
		A45D5F6A2861BB10009C86C7 /* RankingCell.swift in Sources */ = {isa = PBXBuildFile; fileRef = A45D5F682861BB10009C86C7 /* RankingCell.swift */; };
		A45D5F6B2861BB10009C86C7 /* RankingCell.xib in Resources */ = {isa = PBXBuildFile; fileRef = A45D5F692861BB10009C86C7 /* RankingCell.xib */; };
		A45D5F6D2861C0D6009C86C7 /* FirstViewController+ToRanking.swift in Sources */ = {isa = PBXBuildFile; fileRef = A45D5F6C2861C0D6009C86C7 /* FirstViewController+ToRanking.swift */; };
		A45D5F6F2861C2AD009C86C7 /* FirstViewController+ConfigDummyData.swift in Sources */ = {isa = PBXBuildFile; fileRef = A45D5F6E2861C2AD009C86C7 /* FirstViewController+ConfigDummyData.swift */; };
		A45D5F712861C2CF009C86C7 /* RankingViewController+ConfigTable.swift in Sources */ = {isa = PBXBuildFile; fileRef = A45D5F702861C2CF009C86C7 /* RankingViewController+ConfigTable.swift */; };
		A45D5F732861C2FD009C86C7 /* RankingViewController+TableDelegates.swift in Sources */ = {isa = PBXBuildFile; fileRef = A45D5F722861C2FD009C86C7 /* RankingViewController+TableDelegates.swift */; };
		A45D5F752861C32C009C86C7 /* RankingViewController+ViewDidLoad.swift in Sources */ = {isa = PBXBuildFile; fileRef = A45D5F742861C32C009C86C7 /* RankingViewController+ViewDidLoad.swift */; };
		A45D5F772861C9E6009C86C7 /* GameViewController+Info.swift in Sources */ = {isa = PBXBuildFile; fileRef = A45D5F762861C9E6009C86C7 /* GameViewController+Info.swift */; };
		A4657A0A288CE5B3007AD8CA /* FirstViewController+SideMenuActions.swift in Sources */ = {isa = PBXBuildFile; fileRef = A4657A09288CE5B3007AD8CA /* FirstViewController+SideMenuActions.swift */; };
		A4685DA0288ECA140056DA5F /* HomeViewController+ConfigDatabase1.swift in Sources */ = {isa = PBXBuildFile; fileRef = A4685D9F288ECA140056DA5F /* HomeViewController+ConfigDatabase1.swift */; };
		A4685DA2288ECA540056DA5F /* HomeViewController+FetchData.swift in Sources */ = {isa = PBXBuildFile; fileRef = A4685DA1288ECA540056DA5F /* HomeViewController+FetchData.swift */; };
		A4685DA4288ECACF0056DA5F /* HomeViewController+ViewDidAppear.swift in Sources */ = {isa = PBXBuildFile; fileRef = A4685DA3288ECACF0056DA5F /* HomeViewController+ViewDidAppear.swift */; };
		A4685DA9288ECDD30056DA5F /* FirstViewController3.swift in Sources */ = {isa = PBXBuildFile; fileRef = A4685DA8288ECDD30056DA5F /* FirstViewController3.swift */; };
		A4685DAB288EDBDC0056DA5F /* FirstViewController3+ConfigureUIs.swift in Sources */ = {isa = PBXBuildFile; fileRef = A4685DAA288EDBDC0056DA5F /* FirstViewController3+ConfigureUIs.swift */; };
		A4685DAD288EF4DA0056DA5F /* GameViewController3.swift in Sources */ = {isa = PBXBuildFile; fileRef = A4685DAC288EF4DA0056DA5F /* GameViewController3.swift */; };
		A4685DAF288EF6160056DA5F /* GameViewController+ConfigureActions.swift in Sources */ = {isa = PBXBuildFile; fileRef = A4685DAE288EF6160056DA5F /* GameViewController+ConfigureActions.swift */; };
		A469A724288C603B001EBDF5 /* FirstViewController+ConfigSideMenu.swift in Sources */ = {isa = PBXBuildFile; fileRef = A469A723288C603B001EBDF5 /* FirstViewController+ConfigSideMenu.swift */; };
		A469A726288C6159001EBDF5 /* SideMenuView.xib in Resources */ = {isa = PBXBuildFile; fileRef = A469A725288C6159001EBDF5 /* SideMenuView.xib */; };
		A469A728288C629E001EBDF5 /* SideMenuView+tableDelegates.swift in Sources */ = {isa = PBXBuildFile; fileRef = A469A727288C629E001EBDF5 /* SideMenuView+tableDelegates.swift */; };
		A46CC35C2892BB1800238ED5 /* FirstViewController4.swift in Sources */ = {isa = PBXBuildFile; fileRef = A46CC35B2892BB1800238ED5 /* FirstViewController4.swift */; };
		A46CC35E2892BBB800238ED5 /* FirstViewController4+ConfigureUIs.swift in Sources */ = {isa = PBXBuildFile; fileRef = A46CC35D2892BBB800238ED5 /* FirstViewController4+ConfigureUIs.swift */; };
		A46CC3602892BE8700238ED5 /* GameViewController4.swift in Sources */ = {isa = PBXBuildFile; fileRef = A46CC35F2892BE8700238ED5 /* GameViewController4.swift */; };
		A46CC3622892C19A00238ED5 /* GameViewController4+Run.swift in Sources */ = {isa = PBXBuildFile; fileRef = A46CC3612892C19A00238ED5 /* GameViewController4+Run.swift */; };
		A46EB68F2890F0F600A32C6E /* HomeViewController+ConfigDummyData.swift in Sources */ = {isa = PBXBuildFile; fileRef = A46EB68E2890F0F600A32C6E /* HomeViewController+ConfigDummyData.swift */; };
		A46EB6912890F21900A32C6E /* HomeViewController+SortFunction.swift in Sources */ = {isa = PBXBuildFile; fileRef = A46EB6902890F21900A32C6E /* HomeViewController+SortFunction.swift */; };
		A47363BA2893C19B005942B7 /* RankingViewController2.swift in Sources */ = {isa = PBXBuildFile; fileRef = A47363B92893C19B005942B7 /* RankingViewController2.swift */; };
		A47363BE2893C3DB005942B7 /* RankingCell2.swift in Sources */ = {isa = PBXBuildFile; fileRef = A47363BC2893C3DB005942B7 /* RankingCell2.swift */; };
		A47363BF2893C3DB005942B7 /* RankingCell2.xib in Resources */ = {isa = PBXBuildFile; fileRef = A47363BD2893C3DB005942B7 /* RankingCell2.xib */; };
		A47363C12893C3EC005942B7 /* RankingViewControll2+ConfigTable.swift in Sources */ = {isa = PBXBuildFile; fileRef = A47363C02893C3EC005942B7 /* RankingViewControll2+ConfigTable.swift */; };
		A47363C32893C77A005942B7 /* FirstViewController4+Actions.swift in Sources */ = {isa = PBXBuildFile; fileRef = A47363C22893C77A005942B7 /* FirstViewController4+Actions.swift */; };
		A47363C52893C79E005942B7 /* FirstViewController4+ViewDidLoad.swift in Sources */ = {isa = PBXBuildFile; fileRef = A47363C42893C79D005942B7 /* FirstViewController4+ViewDidLoad.swift */; };
		A47363C72893C81F005942B7 /* RankingViewController2+TableDelegates.swift in Sources */ = {isa = PBXBuildFile; fileRef = A47363C62893C81F005942B7 /* RankingViewController2+TableDelegates.swift */; };
		A47363C92893C84B005942B7 /* RankingViewController2+ViewDidLoad.swift in Sources */ = {isa = PBXBuildFile; fileRef = A47363C82893C84B005942B7 /* RankingViewController2+ViewDidLoad.swift */; };
		A47363CB2893C8F1005942B7 /* HomeViewController+ConfigDatabase2.swift in Sources */ = {isa = PBXBuildFile; fileRef = A47363CA2893C8F1005942B7 /* HomeViewController+ConfigDatabase2.swift */; };
		A47377A628657BA500DA57D6 /* FirstViewController+ComparePlayer.swift in Sources */ = {isa = PBXBuildFile; fileRef = A47377A528657BA500DA57D6 /* FirstViewController+ComparePlayer.swift */; };
		A47377A828657C7400DA57D6 /* RankingViewController+SortFunctionFilter.swift in Sources */ = {isa = PBXBuildFile; fileRef = A47377A728657C7400DA57D6 /* RankingViewController+SortFunctionFilter.swift */; };
		A4783BBC2860638C00C8F058 /* tileLabel.swift in Sources */ = {isa = PBXBuildFile; fileRef = A4783BBB2860638C00C8F058 /* tileLabel.swift */; };
		A4783BC028606AF700C8F058 /* GameViewController+ViewDidLoad.swift in Sources */ = {isa = PBXBuildFile; fileRef = A4783BBF28606AF700C8F058 /* GameViewController+ViewDidLoad.swift */; };
		A4783BC228606B3600C8F058 /* GameViewController+MakeTiles.swift in Sources */ = {isa = PBXBuildFile; fileRef = A4783BC128606B3600C8F058 /* GameViewController+MakeTiles.swift */; };
		A4783BC428606B6600C8F058 /* GameViewController+Reset.swift in Sources */ = {isa = PBXBuildFile; fileRef = A4783BC328606B6500C8F058 /* GameViewController+Reset.swift */; };
		A4783BC828606C1000C8F058 /* GameViewController+TouchesEnded.swift in Sources */ = {isa = PBXBuildFile; fileRef = A4783BC728606C1000C8F058 /* GameViewController+TouchesEnded.swift */; };
		A4783BCA28606FA400C8F058 /* GameViewController+FlipToReveal.swift in Sources */ = {isa = PBXBuildFile; fileRef = A4783BC928606FA400C8F058 /* GameViewController+FlipToReveal.swift */; };
		A4783BCC2860726C00C8F058 /* GameViewController+FlipToRight.swift in Sources */ = {isa = PBXBuildFile; fileRef = A4783BCB2860726C00C8F058 /* GameViewController+FlipToRight.swift */; };
		A4783BCE2860741C00C8F058 /* GameViewController+Comparing.swift in Sources */ = {isa = PBXBuildFile; fileRef = A4783BCD2860741C00C8F058 /* GameViewController+Comparing.swift */; };
		A4783BD02860760100C8F058 /* GameViewController+FlipToWrong.swift in Sources */ = {isa = PBXBuildFile; fileRef = A4783BCF2860760100C8F058 /* GameViewController+FlipToWrong.swift */; };
		A4783BD228607E5B00C8F058 /* GameViewController+RevealThenCompare.swift in Sources */ = {isa = PBXBuildFile; fileRef = A4783BD128607E5B00C8F058 /* GameViewController+RevealThenCompare.swift */; };
		A4785BA12864052400ABE9DD /* FirstViewController+CreateDatabase.swift in Sources */ = {isa = PBXBuildFile; fileRef = A4785BA02864052400ABE9DD /* FirstViewController+CreateDatabase.swift */; };
		A4785BA6286424AF00ABE9DD /* animeBoy180.jpeg in Resources */ = {isa = PBXBuildFile; fileRef = A4785BA4286424AF00ABE9DD /* animeBoy180.jpeg */; };
		A4785BA7286424AF00ABE9DD /* animeBoy120.jpeg in Resources */ = {isa = PBXBuildFile; fileRef = A4785BA5286424AF00ABE9DD /* animeBoy120.jpeg */; };
		A4785BAE286425F400ABE9DD /* animeBoy40.jpeg in Resources */ = {isa = PBXBuildFile; fileRef = A4785BA9286425F300ABE9DD /* animeBoy40.jpeg */; };
		A4785BAF286425F400ABE9DD /* animeBoy60.jpeg in Resources */ = {isa = PBXBuildFile; fileRef = A4785BAA286425F400ABE9DD /* animeBoy60.jpeg */; };
		A4785BB0286425F400ABE9DD /* animeBoy80.jpeg in Resources */ = {isa = PBXBuildFile; fileRef = A4785BAB286425F400ABE9DD /* animeBoy80.jpeg */; };
		A4785BB1286425F400ABE9DD /* animeBoy87.jpeg in Resources */ = {isa = PBXBuildFile; fileRef = A4785BAC286425F400ABE9DD /* animeBoy87.jpeg */; };
		A4785BB2286425F400ABE9DD /* animeBoy58.jpeg in Resources */ = {isa = PBXBuildFile; fileRef = A4785BAD286425F400ABE9DD /* animeBoy58.jpeg */; };
		A4785BB428646BBE00ABE9DD /* RankingViewController+DeleteCell.swift in Sources */ = {isa = PBXBuildFile; fileRef = A4785BB328646BBE00ABE9DD /* RankingViewController+DeleteCell.swift */; };
		A4785BB62864717000ABE9DD /* FirstViewController+SortFunctionDatas.swift in Sources */ = {isa = PBXBuildFile; fileRef = A4785BB52864717000ABE9DD /* FirstViewController+SortFunctionDatas.swift */; };
		A47A4F6628977D9600A093B1 /* GameViewController4+GetInfo.swift in Sources */ = {isa = PBXBuildFile; fileRef = A47A4F6528977D9600A093B1 /* GameViewController4+GetInfo.swift */; };
		A47B63D5288F848C0015C2F9 /* GameViewController3+ViewDidLoad.swift in Sources */ = {isa = PBXBuildFile; fileRef = A47B63D4288F848C0015C2F9 /* GameViewController3+ViewDidLoad.swift */; };
		A47B63D7288F84BC0015C2F9 /* GameViewController3+ViewDidAppear.swift in Sources */ = {isa = PBXBuildFile; fileRef = A47B63D6288F84BC0015C2F9 /* GameViewController3+ViewDidAppear.swift */; };
		A47B63D9288F85380015C2F9 /* GameViewController3+Winner.swift in Sources */ = {isa = PBXBuildFile; fileRef = A47B63D8288F85380015C2F9 /* GameViewController3+Winner.swift */; };
		A47B63DB288FA9E20015C2F9 /* GameViewController2.swift in Sources */ = {isa = PBXBuildFile; fileRef = A47B63DA288FA9E20015C2F9 /* GameViewController2.swift */; };
		A47B63DD288FAA500015C2F9 /* GameViewController2+MakeTiles.swift in Sources */ = {isa = PBXBuildFile; fileRef = A47B63DC288FAA500015C2F9 /* GameViewController2+MakeTiles.swift */; };
		A47B63DF288FADB80015C2F9 /* GameViewController2+ViewDidLoad.swift in Sources */ = {isa = PBXBuildFile; fileRef = A47B63DE288FADB80015C2F9 /* GameViewController2+ViewDidLoad.swift */; };
		A47B63E1288FAE120015C2F9 /* GameViewController2+TouchesEnded.swift in Sources */ = {isa = PBXBuildFile; fileRef = A47B63E0288FAE120015C2F9 /* GameViewController2+TouchesEnded.swift */; };
		A47F89A8288E320B00BFD91D /* SettingViewController.swift in Sources */ = {isa = PBXBuildFile; fileRef = A47F89A7288E320B00BFD91D /* SettingViewController.swift */; };
		A47F89AA288E374400BFD91D /* FirstViewController+SideMenuDelegate.swift in Sources */ = {isa = PBXBuildFile; fileRef = A47F89A9288E374400BFD91D /* FirstViewController+SideMenuDelegate.swift */; };
		A47F89AC288E3EA700BFD91D /* ProfileViewController.swift in Sources */ = {isa = PBXBuildFile; fileRef = A47F89AB288E3EA700BFD91D /* ProfileViewController.swift */; };
		A47F89AF288E4B8900BFD91D /* GameViewController+ConfigureUIs.swift in Sources */ = {isa = PBXBuildFile; fileRef = A47F89AE288E4B8900BFD91D /* GameViewController+ConfigureUIs.swift */; };
		A4DEB8D92895869B004E1478 /* —Pngtree—vector video game icon_4101325.png in Resources */ = {isa = PBXBuildFile; fileRef = A4DEB8D82895869B004E1478 /* —Pngtree—vector video game icon_4101325.png */; };
		A4E1AEC2288C17C80086CA9E /* FirstViewController+ConfigureUIs.swift in Sources */ = {isa = PBXBuildFile; fileRef = A4E1AEC1288C17C80086CA9E /* FirstViewController+ConfigureUIs.swift */; };
/* End PBXBuildFile section */

/* Begin PBXCopyFilesBuildPhase section */
		A43ED21F2862BC9400221E95 /* Embed Frameworks */ = {
			isa = PBXCopyFilesBuildPhase;
			buildActionMask = 2147483647;
			dstPath = "";
			dstSubfolderSpec = 10;
			files = (
				A43ED2242862D88600221E95 /* libsqlite3.0.tbd in Embed Frameworks */,
			);
			name = "Embed Frameworks";
			runOnlyForDeploymentPostprocessing = 0;
		};
/* End PBXCopyFilesBuildPhase section */

/* Begin PBXFileReference section */
		1CC574B3A82E89CCDC04F66A /* Pods-SwiftMemoryGame.release.xcconfig */ = {isa = PBXFileReference; includeInIndex = 1; lastKnownFileType = text.xcconfig; name = "Pods-SwiftMemoryGame.release.xcconfig"; path = "Target Support Files/Pods-SwiftMemoryGame/Pods-SwiftMemoryGame.release.xcconfig"; sourceTree = "<group>"; };
		57347C5D84FAA99B5635772B /* Pods_SwiftMemoryGame.framework */ = {isa = PBXFileReference; explicitFileType = wrapper.framework; includeInIndex = 0; path = Pods_SwiftMemoryGame.framework; sourceTree = BUILT_PRODUCTS_DIR; };
		792BE152468C8564445B2C98 /* Pods-SwiftMemoryGame.debug.xcconfig */ = {isa = PBXFileReference; includeInIndex = 1; lastKnownFileType = text.xcconfig; name = "Pods-SwiftMemoryGame.debug.xcconfig"; path = "Target Support Files/Pods-SwiftMemoryGame/Pods-SwiftMemoryGame.debug.xcconfig"; sourceTree = "<group>"; };
		A4266E2D288EA3ED00C98D01 /* FirstViewController2.swift */ = {isa = PBXFileReference; lastKnownFileType = sourcecode.swift; path = FirstViewController2.swift; sourceTree = "<group>"; };
		A4266E30288EA4D500C98D01 /* FirstViewController2+ConfigureUIs.swift */ = {isa = PBXFileReference; lastKnownFileType = sourcecode.swift; path = "FirstViewController2+ConfigureUIs.swift"; sourceTree = "<group>"; };
		A4277E1A286051FB007F66D5 /* SwiftMemoryGame.app */ = {isa = PBXFileReference; explicitFileType = wrapper.application; includeInIndex = 0; path = SwiftMemoryGame.app; sourceTree = BUILT_PRODUCTS_DIR; };
		A4277E1D286051FB007F66D5 /* AppDelegate.swift */ = {isa = PBXFileReference; lastKnownFileType = sourcecode.swift; path = AppDelegate.swift; sourceTree = "<group>"; };
		A4277E1F286051FB007F66D5 /* SceneDelegate.swift */ = {isa = PBXFileReference; lastKnownFileType = sourcecode.swift; path = SceneDelegate.swift; sourceTree = "<group>"; };
		A4277E21286051FB007F66D5 /* GameViewController.swift */ = {isa = PBXFileReference; lastKnownFileType = sourcecode.swift; path = GameViewController.swift; sourceTree = "<group>"; };
		A4277E24286051FB007F66D5 /* Base */ = {isa = PBXFileReference; lastKnownFileType = file.storyboard; name = Base; path = Base.lproj/Main.storyboard; sourceTree = "<group>"; };
		A4277E26286051FD007F66D5 /* Assets.xcassets */ = {isa = PBXFileReference; lastKnownFileType = folder.assetcatalog; name = Assets.xcassets; path = SwiftMemoryGame/Assets.xcassets; sourceTree = SOURCE_ROOT; };
		A4277E29286051FD007F66D5 /* Base */ = {isa = PBXFileReference; lastKnownFileType = file.storyboard; name = Base; path = Base.lproj/LaunchScreen.storyboard; sourceTree = "<group>"; };
		A4277E2B286051FD007F66D5 /* Info.plist */ = {isa = PBXFileReference; lastKnownFileType = text.plist.xml; path = Info.plist; sourceTree = "<group>"; };
		A4320172288E83F00040EB83 /* HomeViewController.swift */ = {isa = PBXFileReference; lastKnownFileType = sourcecode.swift; path = HomeViewController.swift; sourceTree = "<group>"; };
		A4320174288E85160040EB83 /* HomeViewController+ConfigureUIs.swift */ = {isa = PBXFileReference; lastKnownFileType = sourcecode.swift; path = "HomeViewController+ConfigureUIs.swift"; sourceTree = "<group>"; };
		A4320176288E8E060040EB83 /* HomeViewController+GameCollectionView.swift */ = {isa = PBXFileReference; lastKnownFileType = sourcecode.swift; path = "HomeViewController+GameCollectionView.swift"; sourceTree = "<group>"; };
		A4320178288E8E4F0040EB83 /* GameCollectionCell.swift */ = {isa = PBXFileReference; lastKnownFileType = sourcecode.swift; path = GameCollectionCell.swift; sourceTree = "<group>"; };
		A4320179288E8E4F0040EB83 /* GameCollectionCell.xib */ = {isa = PBXFileReference; lastKnownFileType = file.xib; path = GameCollectionCell.xib; sourceTree = "<group>"; };
		A432017C288E8F180040EB83 /* Game.swift */ = {isa = PBXFileReference; lastKnownFileType = sourcecode.swift; path = Game.swift; sourceTree = "<group>"; };
		A432017E288E974B0040EB83 /* HomeViewController+ViewDidLoad.swift */ = {isa = PBXFileReference; lastKnownFileType = sourcecode.swift; path = "HomeViewController+ViewDidLoad.swift"; sourceTree = "<group>"; };
		A4320180288E976D0040EB83 /* HomeViewController+CollectionViewDelegates.swift */ = {isa = PBXFileReference; lastKnownFileType = sourcecode.swift; path = "HomeViewController+CollectionViewDelegates.swift"; sourceTree = "<group>"; };
		A4320182288E9C4C0040EB83 /* HomeViewController+ConfigSideMenu.swift */ = {isa = PBXFileReference; lastKnownFileType = sourcecode.swift; path = "HomeViewController+ConfigSideMenu.swift"; sourceTree = "<group>"; };
		A4320184288E9D080040EB83 /* HomeViewController+SideMenuActions.swift */ = {isa = PBXFileReference; lastKnownFileType = sourcecode.swift; path = "HomeViewController+SideMenuActions.swift"; sourceTree = "<group>"; };
		A4320186288E9DA50040EB83 /* HomeViewController+SideMenuDelegate.swift */ = {isa = PBXFileReference; lastKnownFileType = sourcecode.swift; path = "HomeViewController+SideMenuDelegate.swift"; sourceTree = "<group>"; };
		A436767A288FC0CC001F0B41 /* GameViewController2+GameLogic.swift */ = {isa = PBXFileReference; lastKnownFileType = sourcecode.swift; path = "GameViewController2+GameLogic.swift"; sourceTree = "<group>"; };
		A436767C288FDB24001F0B41 /* GameViewController2+Reset.swift */ = {isa = PBXFileReference; lastKnownFileType = sourcecode.swift; path = "GameViewController2+Reset.swift"; sourceTree = "<group>"; };
		A4367682288FDE7B001F0B41 /* GameViewController3+Reset.swift */ = {isa = PBXFileReference; lastKnownFileType = sourcecode.swift; path = "GameViewController3+Reset.swift"; sourceTree = "<group>"; };
		A43ED2192862B83200221E95 /* FirstViewController+ConfigDatabase.swift */ = {isa = PBXFileReference; lastKnownFileType = sourcecode.swift; path = "FirstViewController+ConfigDatabase.swift"; sourceTree = "<group>"; };
		A43ED21B2862BA9700221E95 /* libsqlite3.0.tbd */ = {isa = PBXFileReference; lastKnownFileType = "sourcecode.text-based-dylib-definition"; name = libsqlite3.0.tbd; path = usr/lib/libsqlite3.0.tbd; sourceTree = SDKROOT; };
		A43ED2202862BE0700221E95 /* FirstViewController+FetchData.swift */ = {isa = PBXFileReference; lastKnownFileType = sourcecode.swift; path = "FirstViewController+FetchData.swift"; sourceTree = "<group>"; };
		A43ED22D2862F63100221E95 /* RankingViewController+ControlSegmentedControl.swift */ = {isa = PBXFileReference; lastKnownFileType = sourcecode.swift; path = "RankingViewController+ControlSegmentedControl.swift"; sourceTree = "<group>"; };
		A43ED22F2863043000221E95 /* GameViewController+TimerRun.swift */ = {isa = PBXFileReference; lastKnownFileType = sourcecode.swift; path = "GameViewController+TimerRun.swift"; sourceTree = "<group>"; };
		A441EFBC2861686900250CCA /* GameViewController+Timer.swift */ = {isa = PBXFileReference; lastKnownFileType = sourcecode.swift; path = "GameViewController+Timer.swift"; sourceTree = "<group>"; };
		A441EFBE28616ED900250CCA /* FirstViewController.swift */ = {isa = PBXFileReference; lastKnownFileType = sourcecode.swift; path = FirstViewController.swift; sourceTree = "<group>"; };
		A441EFC028616F4800250CCA /* GameViewController+ViewDidAppear.swift */ = {isa = PBXFileReference; lastKnownFileType = sourcecode.swift; path = "GameViewController+ViewDidAppear.swift"; sourceTree = "<group>"; };
		A441EFC228617A0200250CCA /* FirstViewController+StartGame.swift */ = {isa = PBXFileReference; lastKnownFileType = sourcecode.swift; path = "FirstViewController+StartGame.swift"; sourceTree = "<group>"; };
		A441EFC428617A2300250CCA /* FirstViewController+ViewDidLoad.swift */ = {isa = PBXFileReference; lastKnownFileType = sourcecode.swift; path = "FirstViewController+ViewDidLoad.swift"; sourceTree = "<group>"; };
		A441EFC628617A5000250CCA /* FirstViewController+PrepareForSegue.swift */ = {isa = PBXFileReference; lastKnownFileType = sourcecode.swift; path = "FirstViewController+PrepareForSegue.swift"; sourceTree = "<group>"; };
		A441EFC828617ACF00250CCA /* FirstViewController+GameMode.swift */ = {isa = PBXFileReference; lastKnownFileType = sourcecode.swift; path = "FirstViewController+GameMode.swift"; sourceTree = "<group>"; };
		A441EFCA28617E2400250CCA /* FirstViewController+PickerConfig.swift */ = {isa = PBXFileReference; lastKnownFileType = sourcecode.swift; path = "FirstViewController+PickerConfig.swift"; sourceTree = "<group>"; };
		A441EFCC286182C700250CCA /* FirstViewController+GameModeChosen.swift */ = {isa = PBXFileReference; lastKnownFileType = sourcecode.swift; path = "FirstViewController+GameModeChosen.swift"; sourceTree = "<group>"; };
		A446BDC22879CEB80008993F /* FirstViewController+SignIn.swift */ = {isa = PBXFileReference; lastKnownFileType = sourcecode.swift; path = "FirstViewController+SignIn.swift"; sourceTree = "<group>"; };
		A446BDC42879D5800008993F /* FirstViewController+SignUp.swift */ = {isa = PBXFileReference; lastKnownFileType = sourcecode.swift; path = "FirstViewController+SignUp.swift"; sourceTree = "<group>"; };
		A446BDC62879DC550008993F /* FirstViewController+SearchUser.swift */ = {isa = PBXFileReference; lastKnownFileType = sourcecode.swift; path = "FirstViewController+SearchUser.swift"; sourceTree = "<group>"; };
		A44F6ED02885999A00D04604 /* SideMenuView.swift */ = {isa = PBXFileReference; lastKnownFileType = sourcecode.swift; path = SideMenuView.swift; sourceTree = "<group>"; };
		A44F6ED3288599E500D04604 /* SideMenuViewController+ConfigureTableView.swift */ = {isa = PBXFileReference; lastKnownFileType = sourcecode.swift; path = "SideMenuViewController+ConfigureTableView.swift"; sourceTree = "<group>"; };
		A44F6ED628859ABF00D04604 /* SideMenuCell.swift */ = {isa = PBXFileReference; lastKnownFileType = sourcecode.swift; path = SideMenuCell.swift; sourceTree = "<group>"; };
		A44F6ED728859ABF00D04604 /* SideMenuCell.xib */ = {isa = PBXFileReference; lastKnownFileType = file.xib; path = SideMenuCell.xib; sourceTree = "<group>"; };
		A44F6EDA28859B7A00D04604 /* SideMenuModel.swift */ = {isa = PBXFileReference; lastKnownFileType = sourcecode.swift; path = SideMenuModel.swift; sourceTree = "<group>"; };
		A453ACAE2861F8660039DFB4 /* FirstViewController+ViewDidAppear.swift */ = {isa = PBXFileReference; lastKnownFileType = sourcecode.swift; path = "FirstViewController+ViewDidAppear.swift"; sourceTree = "<group>"; };
		A453ACB02861FBCF0039DFB4 /* Note */ = {isa = PBXFileReference; lastKnownFileType = text; path = Note; sourceTree = "<group>"; };
		A458CC60288F013500950043 /* GameViewController+ConfigureGameUIs.swift */ = {isa = PBXFileReference; lastKnownFileType = sourcecode.swift; path = "GameViewController+ConfigureGameUIs.swift"; sourceTree = "<group>"; };
		A45D5F642861BA3A009C86C7 /* RankingViewController.swift */ = {isa = PBXFileReference; lastKnownFileType = sourcecode.swift; path = RankingViewController.swift; sourceTree = "<group>"; };
		A45D5F662861BAA6009C86C7 /* Player.swift */ = {isa = PBXFileReference; lastKnownFileType = sourcecode.swift; path = Player.swift; sourceTree = "<group>"; };
		A45D5F682861BB10009C86C7 /* RankingCell.swift */ = {isa = PBXFileReference; lastKnownFileType = sourcecode.swift; path = RankingCell.swift; sourceTree = "<group>"; };
		A45D5F692861BB10009C86C7 /* RankingCell.xib */ = {isa = PBXFileReference; lastKnownFileType = file.xib; path = RankingCell.xib; sourceTree = "<group>"; };
		A45D5F6C2861C0D6009C86C7 /* FirstViewController+ToRanking.swift */ = {isa = PBXFileReference; lastKnownFileType = sourcecode.swift; path = "FirstViewController+ToRanking.swift"; sourceTree = "<group>"; };
		A45D5F6E2861C2AD009C86C7 /* FirstViewController+ConfigDummyData.swift */ = {isa = PBXFileReference; lastKnownFileType = sourcecode.swift; path = "FirstViewController+ConfigDummyData.swift"; sourceTree = "<group>"; };
		A45D5F702861C2CF009C86C7 /* RankingViewController+ConfigTable.swift */ = {isa = PBXFileReference; lastKnownFileType = sourcecode.swift; path = "RankingViewController+ConfigTable.swift"; sourceTree = "<group>"; };
		A45D5F722861C2FD009C86C7 /* RankingViewController+TableDelegates.swift */ = {isa = PBXFileReference; lastKnownFileType = sourcecode.swift; path = "RankingViewController+TableDelegates.swift"; sourceTree = "<group>"; };
		A45D5F742861C32C009C86C7 /* RankingViewController+ViewDidLoad.swift */ = {isa = PBXFileReference; lastKnownFileType = sourcecode.swift; path = "RankingViewController+ViewDidLoad.swift"; sourceTree = "<group>"; };
		A45D5F762861C9E6009C86C7 /* GameViewController+Info.swift */ = {isa = PBXFileReference; lastKnownFileType = sourcecode.swift; path = "GameViewController+Info.swift"; sourceTree = "<group>"; };
		A4657A09288CE5B3007AD8CA /* FirstViewController+SideMenuActions.swift */ = {isa = PBXFileReference; lastKnownFileType = sourcecode.swift; path = "FirstViewController+SideMenuActions.swift"; sourceTree = "<group>"; };
		A4685D9F288ECA140056DA5F /* HomeViewController+ConfigDatabase1.swift */ = {isa = PBXFileReference; lastKnownFileType = sourcecode.swift; path = "HomeViewController+ConfigDatabase1.swift"; sourceTree = "<group>"; };
		A4685DA1288ECA540056DA5F /* HomeViewController+FetchData.swift */ = {isa = PBXFileReference; lastKnownFileType = sourcecode.swift; path = "HomeViewController+FetchData.swift"; sourceTree = "<group>"; };
		A4685DA3288ECACF0056DA5F /* HomeViewController+ViewDidAppear.swift */ = {isa = PBXFileReference; lastKnownFileType = sourcecode.swift; path = "HomeViewController+ViewDidAppear.swift"; sourceTree = "<group>"; };
		A4685DA8288ECDD30056DA5F /* FirstViewController3.swift */ = {isa = PBXFileReference; lastKnownFileType = sourcecode.swift; path = FirstViewController3.swift; sourceTree = "<group>"; };
		A4685DAA288EDBDC0056DA5F /* FirstViewController3+ConfigureUIs.swift */ = {isa = PBXFileReference; lastKnownFileType = sourcecode.swift; path = "FirstViewController3+ConfigureUIs.swift"; sourceTree = "<group>"; };
		A4685DAC288EF4DA0056DA5F /* GameViewController3.swift */ = {isa = PBXFileReference; lastKnownFileType = sourcecode.swift; path = GameViewController3.swift; sourceTree = "<group>"; };
		A4685DAE288EF6160056DA5F /* GameViewController+ConfigureActions.swift */ = {isa = PBXFileReference; lastKnownFileType = sourcecode.swift; path = "GameViewController+ConfigureActions.swift"; sourceTree = "<group>"; };
		A469A723288C603B001EBDF5 /* FirstViewController+ConfigSideMenu.swift */ = {isa = PBXFileReference; lastKnownFileType = sourcecode.swift; path = "FirstViewController+ConfigSideMenu.swift"; sourceTree = "<group>"; };
		A469A725288C6159001EBDF5 /* SideMenuView.xib */ = {isa = PBXFileReference; lastKnownFileType = file.xib; path = SideMenuView.xib; sourceTree = "<group>"; };
		A469A727288C629E001EBDF5 /* SideMenuView+tableDelegates.swift */ = {isa = PBXFileReference; lastKnownFileType = sourcecode.swift; path = "SideMenuView+tableDelegates.swift"; sourceTree = "<group>"; };
		A46CC35B2892BB1800238ED5 /* FirstViewController4.swift */ = {isa = PBXFileReference; lastKnownFileType = sourcecode.swift; path = FirstViewController4.swift; sourceTree = "<group>"; };
		A46CC35D2892BBB800238ED5 /* FirstViewController4+ConfigureUIs.swift */ = {isa = PBXFileReference; lastKnownFileType = sourcecode.swift; path = "FirstViewController4+ConfigureUIs.swift"; sourceTree = "<group>"; };
		A46CC35F2892BE8700238ED5 /* GameViewController4.swift */ = {isa = PBXFileReference; lastKnownFileType = sourcecode.swift; path = GameViewController4.swift; sourceTree = "<group>"; };
		A46CC3612892C19A00238ED5 /* GameViewController4+Run.swift */ = {isa = PBXFileReference; lastKnownFileType = sourcecode.swift; path = "GameViewController4+Run.swift"; sourceTree = "<group>"; };
		A46EB68E2890F0F600A32C6E /* HomeViewController+ConfigDummyData.swift */ = {isa = PBXFileReference; lastKnownFileType = sourcecode.swift; path = "HomeViewController+ConfigDummyData.swift"; sourceTree = "<group>"; };
		A46EB6902890F21900A32C6E /* HomeViewController+SortFunction.swift */ = {isa = PBXFileReference; lastKnownFileType = sourcecode.swift; path = "HomeViewController+SortFunction.swift"; sourceTree = "<group>"; };
		A47363B92893C19B005942B7 /* RankingViewController2.swift */ = {isa = PBXFileReference; lastKnownFileType = sourcecode.swift; path = RankingViewController2.swift; sourceTree = "<group>"; };
		A47363BC2893C3DB005942B7 /* RankingCell2.swift */ = {isa = PBXFileReference; lastKnownFileType = sourcecode.swift; path = RankingCell2.swift; sourceTree = "<group>"; };
		A47363BD2893C3DB005942B7 /* RankingCell2.xib */ = {isa = PBXFileReference; lastKnownFileType = file.xib; path = RankingCell2.xib; sourceTree = "<group>"; };
		A47363C02893C3EC005942B7 /* RankingViewControll2+ConfigTable.swift */ = {isa = PBXFileReference; lastKnownFileType = sourcecode.swift; path = "RankingViewControll2+ConfigTable.swift"; sourceTree = "<group>"; };
		A47363C22893C77A005942B7 /* FirstViewController4+Actions.swift */ = {isa = PBXFileReference; lastKnownFileType = sourcecode.swift; path = "FirstViewController4+Actions.swift"; sourceTree = "<group>"; };
		A47363C42893C79D005942B7 /* FirstViewController4+ViewDidLoad.swift */ = {isa = PBXFileReference; lastKnownFileType = sourcecode.swift; path = "FirstViewController4+ViewDidLoad.swift"; sourceTree = "<group>"; };
		A47363C62893C81F005942B7 /* RankingViewController2+TableDelegates.swift */ = {isa = PBXFileReference; lastKnownFileType = sourcecode.swift; path = "RankingViewController2+TableDelegates.swift"; sourceTree = "<group>"; };
		A47363C82893C84B005942B7 /* RankingViewController2+ViewDidLoad.swift */ = {isa = PBXFileReference; lastKnownFileType = sourcecode.swift; path = "RankingViewController2+ViewDidLoad.swift"; sourceTree = "<group>"; };
		A47363CA2893C8F1005942B7 /* HomeViewController+ConfigDatabase2.swift */ = {isa = PBXFileReference; lastKnownFileType = sourcecode.swift; path = "HomeViewController+ConfigDatabase2.swift"; sourceTree = "<group>"; };
		A47377A528657BA500DA57D6 /* FirstViewController+ComparePlayer.swift */ = {isa = PBXFileReference; lastKnownFileType = sourcecode.swift; path = "FirstViewController+ComparePlayer.swift"; sourceTree = "<group>"; };
		A47377A728657C7400DA57D6 /* RankingViewController+SortFunctionFilter.swift */ = {isa = PBXFileReference; lastKnownFileType = sourcecode.swift; path = "RankingViewController+SortFunctionFilter.swift"; sourceTree = "<group>"; };
		A4783BBB2860638C00C8F058 /* tileLabel.swift */ = {isa = PBXFileReference; lastKnownFileType = sourcecode.swift; path = tileLabel.swift; sourceTree = "<group>"; };
		A4783BBF28606AF700C8F058 /* GameViewController+ViewDidLoad.swift */ = {isa = PBXFileReference; lastKnownFileType = sourcecode.swift; path = "GameViewController+ViewDidLoad.swift"; sourceTree = "<group>"; };
		A4783BC128606B3600C8F058 /* GameViewController+MakeTiles.swift */ = {isa = PBXFileReference; lastKnownFileType = sourcecode.swift; path = "GameViewController+MakeTiles.swift"; sourceTree = "<group>"; };
		A4783BC328606B6500C8F058 /* GameViewController+Reset.swift */ = {isa = PBXFileReference; lastKnownFileType = sourcecode.swift; path = "GameViewController+Reset.swift"; sourceTree = "<group>"; };
		A4783BC728606C1000C8F058 /* GameViewController+TouchesEnded.swift */ = {isa = PBXFileReference; lastKnownFileType = sourcecode.swift; path = "GameViewController+TouchesEnded.swift"; sourceTree = "<group>"; };
		A4783BC928606FA400C8F058 /* GameViewController+FlipToReveal.swift */ = {isa = PBXFileReference; lastKnownFileType = sourcecode.swift; path = "GameViewController+FlipToReveal.swift"; sourceTree = "<group>"; };
		A4783BCB2860726C00C8F058 /* GameViewController+FlipToRight.swift */ = {isa = PBXFileReference; lastKnownFileType = sourcecode.swift; path = "GameViewController+FlipToRight.swift"; sourceTree = "<group>"; };
		A4783BCD2860741C00C8F058 /* GameViewController+Comparing.swift */ = {isa = PBXFileReference; lastKnownFileType = sourcecode.swift; path = "GameViewController+Comparing.swift"; sourceTree = "<group>"; };
		A4783BCF2860760100C8F058 /* GameViewController+FlipToWrong.swift */ = {isa = PBXFileReference; lastKnownFileType = sourcecode.swift; path = "GameViewController+FlipToWrong.swift"; sourceTree = "<group>"; };
		A4783BD128607E5B00C8F058 /* GameViewController+RevealThenCompare.swift */ = {isa = PBXFileReference; lastKnownFileType = sourcecode.swift; path = "GameViewController+RevealThenCompare.swift"; sourceTree = "<group>"; };
		A4785BA02864052400ABE9DD /* FirstViewController+CreateDatabase.swift */ = {isa = PBXFileReference; lastKnownFileType = sourcecode.swift; path = "FirstViewController+CreateDatabase.swift"; sourceTree = "<group>"; };
		A4785BA4286424AF00ABE9DD /* animeBoy180.jpeg */ = {isa = PBXFileReference; lastKnownFileType = image.jpeg; path = animeBoy180.jpeg; sourceTree = "<group>"; };
		A4785BA5286424AF00ABE9DD /* animeBoy120.jpeg */ = {isa = PBXFileReference; lastKnownFileType = image.jpeg; path = animeBoy120.jpeg; sourceTree = "<group>"; };
		A4785BA9286425F300ABE9DD /* animeBoy40.jpeg */ = {isa = PBXFileReference; lastKnownFileType = image.jpeg; name = animeBoy40.jpeg; path = SwiftMemoryGame/animeBoy40.jpeg; sourceTree = SOURCE_ROOT; };
		A4785BAA286425F400ABE9DD /* animeBoy60.jpeg */ = {isa = PBXFileReference; lastKnownFileType = image.jpeg; name = animeBoy60.jpeg; path = SwiftMemoryGame/animeBoy60.jpeg; sourceTree = SOURCE_ROOT; };
		A4785BAB286425F400ABE9DD /* animeBoy80.jpeg */ = {isa = PBXFileReference; lastKnownFileType = image.jpeg; name = animeBoy80.jpeg; path = SwiftMemoryGame/animeBoy80.jpeg; sourceTree = SOURCE_ROOT; };
		A4785BAC286425F400ABE9DD /* animeBoy87.jpeg */ = {isa = PBXFileReference; lastKnownFileType = image.jpeg; name = animeBoy87.jpeg; path = SwiftMemoryGame/animeBoy87.jpeg; sourceTree = SOURCE_ROOT; };
		A4785BAD286425F400ABE9DD /* animeBoy58.jpeg */ = {isa = PBXFileReference; lastKnownFileType = image.jpeg; name = animeBoy58.jpeg; path = SwiftMemoryGame/animeBoy58.jpeg; sourceTree = SOURCE_ROOT; };
		A4785BB328646BBE00ABE9DD /* RankingViewController+DeleteCell.swift */ = {isa = PBXFileReference; lastKnownFileType = sourcecode.swift; path = "RankingViewController+DeleteCell.swift"; sourceTree = "<group>"; };
		A4785BB52864717000ABE9DD /* FirstViewController+SortFunctionDatas.swift */ = {isa = PBXFileReference; lastKnownFileType = sourcecode.swift; path = "FirstViewController+SortFunctionDatas.swift"; sourceTree = "<group>"; };
		A47A4F6528977D9600A093B1 /* GameViewController4+GetInfo.swift */ = {isa = PBXFileReference; lastKnownFileType = sourcecode.swift; path = "GameViewController4+GetInfo.swift"; sourceTree = "<group>"; };
		A47B63D4288F848C0015C2F9 /* GameViewController3+ViewDidLoad.swift */ = {isa = PBXFileReference; lastKnownFileType = sourcecode.swift; path = "GameViewController3+ViewDidLoad.swift"; sourceTree = "<group>"; };
		A47B63D6288F84BC0015C2F9 /* GameViewController3+ViewDidAppear.swift */ = {isa = PBXFileReference; lastKnownFileType = sourcecode.swift; path = "GameViewController3+ViewDidAppear.swift"; sourceTree = "<group>"; };
		A47B63D8288F85380015C2F9 /* GameViewController3+Winner.swift */ = {isa = PBXFileReference; lastKnownFileType = sourcecode.swift; path = "GameViewController3+Winner.swift"; sourceTree = "<group>"; };
		A47B63DA288FA9E20015C2F9 /* GameViewController2.swift */ = {isa = PBXFileReference; lastKnownFileType = sourcecode.swift; path = GameViewController2.swift; sourceTree = "<group>"; };
		A47B63DC288FAA500015C2F9 /* GameViewController2+MakeTiles.swift */ = {isa = PBXFileReference; lastKnownFileType = sourcecode.swift; path = "GameViewController2+MakeTiles.swift"; sourceTree = "<group>"; };
		A47B63DE288FADB80015C2F9 /* GameViewController2+ViewDidLoad.swift */ = {isa = PBXFileReference; lastKnownFileType = sourcecode.swift; path = "GameViewController2+ViewDidLoad.swift"; sourceTree = "<group>"; };
		A47B63E0288FAE120015C2F9 /* GameViewController2+TouchesEnded.swift */ = {isa = PBXFileReference; lastKnownFileType = sourcecode.swift; path = "GameViewController2+TouchesEnded.swift"; sourceTree = "<group>"; };
		A47F89A7288E320B00BFD91D /* SettingViewController.swift */ = {isa = PBXFileReference; lastKnownFileType = sourcecode.swift; path = SettingViewController.swift; sourceTree = "<group>"; };
		A47F89A9288E374400BFD91D /* FirstViewController+SideMenuDelegate.swift */ = {isa = PBXFileReference; lastKnownFileType = sourcecode.swift; path = "FirstViewController+SideMenuDelegate.swift"; sourceTree = "<group>"; };
		A47F89AB288E3EA700BFD91D /* ProfileViewController.swift */ = {isa = PBXFileReference; lastKnownFileType = sourcecode.swift; path = ProfileViewController.swift; sourceTree = "<group>"; };
		A47F89AE288E4B8900BFD91D /* GameViewController+ConfigureUIs.swift */ = {isa = PBXFileReference; fileEncoding = 4; lastKnownFileType = sourcecode.swift; path = "GameViewController+ConfigureUIs.swift"; sourceTree = "<group>"; };
		A4DEB8D82895869B004E1478 /* —Pngtree—vector video game icon_4101325.png */ = {isa = PBXFileReference; lastKnownFileType = image.png; path = "—Pngtree—vector video game icon_4101325.png"; sourceTree = "<group>"; };
		A4E1AEC1288C17C80086CA9E /* FirstViewController+ConfigureUIs.swift */ = {isa = PBXFileReference; lastKnownFileType = sourcecode.swift; path = "FirstViewController+ConfigureUIs.swift"; sourceTree = "<group>"; };
/* End PBXFileReference section */

/* Begin PBXFrameworksBuildPhase section */
		A4277E17286051FB007F66D5 /* Frameworks */ = {
			isa = PBXFrameworksBuildPhase;
			buildActionMask = 2147483647;
			files = (
				A43ED21C2862BBBD00221E95 /* libsqlite3.0.tbd in Frameworks */,
				A43ED21D2862BC9400221E95 /* Pods_SwiftMemoryGame.framework in Frameworks */,
			);
			runOnlyForDeploymentPostprocessing = 0;
		};
/* End PBXFrameworksBuildPhase section */

/* Begin PBXGroup section */
		9C426B8C4489078C4042BA44 /* Pods */ = {
			isa = PBXGroup;
			children = (
				792BE152468C8564445B2C98 /* Pods-SwiftMemoryGame.debug.xcconfig */,
				1CC574B3A82E89CCDC04F66A /* Pods-SwiftMemoryGame.release.xcconfig */,
			);
			path = Pods;
			sourceTree = "<group>";
		};
		A4266E2C288EA32300C98D01 /* Number Memory Game */ = {
			isa = PBXGroup;
			children = (
				A453ACB32861FC740039DFB4 /* FirstViewController */,
				A453ACB52861FC900039DFB4 /* GameViewController */,
				A453ACB72861FCBE0039DFB4 /* RankingViewController */,
			);
			path = "Number Memory Game";
			sourceTree = "<group>";
		};
		A4266E2F288EA3F700C98D01 /* Tic-Tac-Toe Game */ = {
			isa = PBXGroup;
			children = (
				A436767F288FDD7A001F0B41 /* FirstViewController */,
				A436767E288FDD6D001F0B41 /* GameViewController */,
			);
			path = "Tic-Tac-Toe Game";
			sourceTree = "<group>";
		};
		A4277E11286051FB007F66D5 = {
			isa = PBXGroup;
			children = (
				A4277E1C286051FB007F66D5 /* SwiftMemoryGame */,
				A4277E1B286051FB007F66D5 /* Products */,
				9C426B8C4489078C4042BA44 /* Pods */,
				B67A73F6222BC324BA7E8C1A /* Frameworks */,
			);
			sourceTree = "<group>";
		};
		A4277E1B286051FB007F66D5 /* Products */ = {
			isa = PBXGroup;
			children = (
				A4277E1A286051FB007F66D5 /* SwiftMemoryGame.app */,
			);
			name = Products;
			sourceTree = "<group>";
		};
		A4277E1C286051FB007F66D5 /* SwiftMemoryGame */ = {
			isa = PBXGroup;
			children = (
				A46CC35A2892BAA900238ED5 /* Dinosaur Game */,
				A4685DA7288ECC270056DA5F /* Rock Paper Scissor Game */,
				A4266E2F288EA3F700C98D01 /* Tic-Tac-Toe Game */,
				A4266E2C288EA32300C98D01 /* Number Memory Game */,
				A4320171288E83E10040EB83 /* HomeViewController */,
				A47F89AD288E466E00BFD91D /* ProfileViewController */,
				A47F89A6288E31EF00BFD91D /* SettingViewController */,
				A44F6ED2288599A700D04604 /* SideMenuView */,
				A4785BA82864255A00ABE9DD /* appIcons */,
				A453ACB22861FC6A0039DFB4 /* Models */,
				A4277E1D286051FB007F66D5 /* AppDelegate.swift */,
				A4277E23286051FB007F66D5 /* Main.storyboard */,
				A453ACB02861FBCF0039DFB4 /* Note */,
				A4277E1F286051FB007F66D5 /* SceneDelegate.swift */,
				A4277E26286051FD007F66D5 /* Assets.xcassets */,
				A4277E28286051FD007F66D5 /* LaunchScreen.storyboard */,
				A4277E2B286051FD007F66D5 /* Info.plist */,
				A4DEB8D82895869B004E1478 /* —Pngtree—vector video game icon_4101325.png */,
			);
			path = SwiftMemoryGame;
			sourceTree = "<group>";
		};
		A4320171288E83E10040EB83 /* HomeViewController */ = {
			isa = PBXGroup;
			children = (
				A4320172288E83F00040EB83 /* HomeViewController.swift */,
				A4685D9F288ECA140056DA5F /* HomeViewController+ConfigDatabase1.swift */,
				A4685DA1288ECA540056DA5F /* HomeViewController+FetchData.swift */,
				A47363CA2893C8F1005942B7 /* HomeViewController+ConfigDatabase2.swift */,
				A46EB6902890F21900A32C6E /* HomeViewController+SortFunction.swift */,
				A4320186288E9DA50040EB83 /* HomeViewController+SideMenuDelegate.swift */,
				A46EB68E2890F0F600A32C6E /* HomeViewController+ConfigDummyData.swift */,
				A4320180288E976D0040EB83 /* HomeViewController+CollectionViewDelegates.swift */,
				A432017E288E974B0040EB83 /* HomeViewController+ViewDidLoad.swift */,
				A4320182288E9C4C0040EB83 /* HomeViewController+ConfigSideMenu.swift */,
				A4320184288E9D080040EB83 /* HomeViewController+SideMenuActions.swift */,
				A4685DA3288ECACF0056DA5F /* HomeViewController+ViewDidAppear.swift */,
				A4320178288E8E4F0040EB83 /* GameCollectionCell.swift */,
				A4320179288E8E4F0040EB83 /* GameCollectionCell.xib */,
				A4320176288E8E060040EB83 /* HomeViewController+GameCollectionView.swift */,
				A4320174288E85160040EB83 /* HomeViewController+ConfigureUIs.swift */,
			);
			path = HomeViewController;
			sourceTree = "<group>";
		};
		A436767E288FDD6D001F0B41 /* GameViewController */ = {
			isa = PBXGroup;
			children = (
				A47B63DC288FAA500015C2F9 /* GameViewController2+MakeTiles.swift */,
				A47B63DA288FA9E20015C2F9 /* GameViewController2.swift */,
				A436767C288FDB24001F0B41 /* GameViewController2+Reset.swift */,
				A436767A288FC0CC001F0B41 /* GameViewController2+GameLogic.swift */,
				A47B63E0288FAE120015C2F9 /* GameViewController2+TouchesEnded.swift */,
				A47B63DE288FADB80015C2F9 /* GameViewController2+ViewDidLoad.swift */,
			);
			path = GameViewController;
			sourceTree = "<group>";
		};
		A436767F288FDD7A001F0B41 /* FirstViewController */ = {
			isa = PBXGroup;
			children = (
				A4266E2D288EA3ED00C98D01 /* FirstViewController2.swift */,
				A4266E30288EA4D500C98D01 /* FirstViewController2+ConfigureUIs.swift */,
			);
			path = FirstViewController;
			sourceTree = "<group>";
		};
		A4367680288FDDBC001F0B41 /* GameViewController */ = {
			isa = PBXGroup;
			children = (
				A4685DAC288EF4DA0056DA5F /* GameViewController3.swift */,
				A47B63D6288F84BC0015C2F9 /* GameViewController3+ViewDidAppear.swift */,
				A4367682288FDE7B001F0B41 /* GameViewController3+Reset.swift */,
				A47B63D4288F848C0015C2F9 /* GameViewController3+ViewDidLoad.swift */,
				A4685DAE288EF6160056DA5F /* GameViewController+ConfigureActions.swift */,
				A47B63D8288F85380015C2F9 /* GameViewController3+Winner.swift */,
				A458CC60288F013500950043 /* GameViewController+ConfigureGameUIs.swift */,
			);
			path = GameViewController;
			sourceTree = "<group>";
		};
		A4367681288FDDC6001F0B41 /* FirstViewController */ = {
			isa = PBXGroup;
			children = (
				A4685DA8288ECDD30056DA5F /* FirstViewController3.swift */,
				A4685DAA288EDBDC0056DA5F /* FirstViewController3+ConfigureUIs.swift */,
			);
			path = FirstViewController;
			sourceTree = "<group>";
		};
		A44F6ED2288599A700D04604 /* SideMenuView */ = {
			isa = PBXGroup;
			children = (
				A44F6ED528859A8500D04604 /* SideMenuCell */,
				A44F6ED02885999A00D04604 /* SideMenuView.swift */,
				A469A727288C629E001EBDF5 /* SideMenuView+tableDelegates.swift */,
				A469A725288C6159001EBDF5 /* SideMenuView.xib */,
				A44F6ED3288599E500D04604 /* SideMenuViewController+ConfigureTableView.swift */,
				A44F6EDA28859B7A00D04604 /* SideMenuModel.swift */,
			);
			path = SideMenuView;
			sourceTree = "<group>";
		};
		A44F6ED528859A8500D04604 /* SideMenuCell */ = {
			isa = PBXGroup;
			children = (
				A44F6ED628859ABF00D04604 /* SideMenuCell.swift */,
				A44F6ED728859ABF00D04604 /* SideMenuCell.xib */,
			);
			path = SideMenuCell;
			sourceTree = "<group>";
		};
		A453ACB22861FC6A0039DFB4 /* Models */ = {
			isa = PBXGroup;
			children = (
				A45D5F662861BAA6009C86C7 /* Player.swift */,
				A432017C288E8F180040EB83 /* Game.swift */,
				A4783BBB2860638C00C8F058 /* tileLabel.swift */,
			);
			path = Models;
			sourceTree = "<group>";
		};
		A453ACB32861FC740039DFB4 /* FirstViewController */ = {
			isa = PBXGroup;
			children = (
				A441EFBE28616ED900250CCA /* FirstViewController.swift */,
				A45D5F6E2861C2AD009C86C7 /* FirstViewController+ConfigDummyData.swift */,
				A469A723288C603B001EBDF5 /* FirstViewController+ConfigSideMenu.swift */,
				A4657A09288CE5B3007AD8CA /* FirstViewController+SideMenuActions.swift */,
				A47F89A9288E374400BFD91D /* FirstViewController+SideMenuDelegate.swift */,
				A45D5F6C2861C0D6009C86C7 /* FirstViewController+ToRanking.swift */,
				A4E1AEC1288C17C80086CA9E /* FirstViewController+ConfigureUIs.swift */,
				A441EFCC286182C700250CCA /* FirstViewController+GameModeChosen.swift */,
				A441EFCA28617E2400250CCA /* FirstViewController+PickerConfig.swift */,
				A441EFC828617ACF00250CCA /* FirstViewController+GameMode.swift */,
				A441EFC628617A5000250CCA /* FirstViewController+PrepareForSegue.swift */,
				A441EFC428617A2300250CCA /* FirstViewController+ViewDidLoad.swift */,
				A446BDC22879CEB80008993F /* FirstViewController+SignIn.swift */,
				A446BDC42879D5800008993F /* FirstViewController+SignUp.swift */,
				A4785BA02864052400ABE9DD /* FirstViewController+CreateDatabase.swift */,
				A446BDC62879DC550008993F /* FirstViewController+SearchUser.swift */,
				A43ED2192862B83200221E95 /* FirstViewController+ConfigDatabase.swift */,
				A43ED2202862BE0700221E95 /* FirstViewController+FetchData.swift */,
				A453ACAE2861F8660039DFB4 /* FirstViewController+ViewDidAppear.swift */,
				A4785BB52864717000ABE9DD /* FirstViewController+SortFunctionDatas.swift */,
				A47377A528657BA500DA57D6 /* FirstViewController+ComparePlayer.swift */,
				A441EFC228617A0200250CCA /* FirstViewController+StartGame.swift */,
			);
			path = FirstViewController;
			sourceTree = "<group>";
		};
		A453ACB52861FC900039DFB4 /* GameViewController */ = {
			isa = PBXGroup;
			children = (
				A4783BBF28606AF700C8F058 /* GameViewController+ViewDidLoad.swift */,
				A47F89AE288E4B8900BFD91D /* GameViewController+ConfigureUIs.swift */,
				A441EFBC2861686900250CCA /* GameViewController+Timer.swift */,
				A43ED22F2863043000221E95 /* GameViewController+TimerRun.swift */,
				A4783BC328606B6500C8F058 /* GameViewController+Reset.swift */,
				A4783BC128606B3600C8F058 /* GameViewController+MakeTiles.swift */,
				A4783BC728606C1000C8F058 /* GameViewController+TouchesEnded.swift */,
				A4783BCD2860741C00C8F058 /* GameViewController+Comparing.swift */,
				A4783BD128607E5B00C8F058 /* GameViewController+RevealThenCompare.swift */,
				A4783BC928606FA400C8F058 /* GameViewController+FlipToReveal.swift */,
				A4783BCB2860726C00C8F058 /* GameViewController+FlipToRight.swift */,
				A45D5F762861C9E6009C86C7 /* GameViewController+Info.swift */,
				A4783BCF2860760100C8F058 /* GameViewController+FlipToWrong.swift */,
				A4277E21286051FB007F66D5 /* GameViewController.swift */,
				A441EFC028616F4800250CCA /* GameViewController+ViewDidAppear.swift */,
			);
			path = GameViewController;
			sourceTree = "<group>";
		};
		A453ACB72861FCBE0039DFB4 /* RankingViewController */ = {
			isa = PBXGroup;
			children = (
				A453ACB82861FCD50039DFB4 /* RankingCell */,
				A45D5F722861C2FD009C86C7 /* RankingViewController+TableDelegates.swift */,
				A45D5F702861C2CF009C86C7 /* RankingViewController+ConfigTable.swift */,
				A43ED22D2862F63100221E95 /* RankingViewController+ControlSegmentedControl.swift */,
				A4785BB328646BBE00ABE9DD /* RankingViewController+DeleteCell.swift */,
				A45D5F642861BA3A009C86C7 /* RankingViewController.swift */,
				A47377A728657C7400DA57D6 /* RankingViewController+SortFunctionFilter.swift */,
				A45D5F742861C32C009C86C7 /* RankingViewController+ViewDidLoad.swift */,
			);
			path = RankingViewController;
			sourceTree = "<group>";
		};
		A453ACB82861FCD50039DFB4 /* RankingCell */ = {
			isa = PBXGroup;
			children = (
				A45D5F682861BB10009C86C7 /* RankingCell.swift */,
				A45D5F692861BB10009C86C7 /* RankingCell.xib */,
			);
			path = "\U0010RankingCell";
			sourceTree = "<group>";
		};
		A4685DA7288ECC270056DA5F /* Rock Paper Scissor Game */ = {
			isa = PBXGroup;
			children = (
				A4367681288FDDC6001F0B41 /* FirstViewController */,
				A4367680288FDDBC001F0B41 /* GameViewController */,
			);
			path = "Rock Paper Scissor Game";
			sourceTree = "<group>";
		};
		A46CC35A2892BAA900238ED5 /* Dinosaur Game */ = {
			isa = PBXGroup;
			children = (
				A47363CE2893C9D6005942B7 /* RankingViewController */,
				A47363CD2893C9C9005942B7 /* GameViewController */,
				A47363CC2893C9AC005942B7 /* FirstViewController */,
				A47363BB2893C3CC005942B7 /* RankingCell2 */,
			);
			path = "Dinosaur Game";
			sourceTree = "<group>";
		};
		A47363BB2893C3CC005942B7 /* RankingCell2 */ = {
			isa = PBXGroup;
			children = (
				A47363BC2893C3DB005942B7 /* RankingCell2.swift */,
				A47363BD2893C3DB005942B7 /* RankingCell2.xib */,
			);
			path = RankingCell2;
			sourceTree = "<group>";
		};
		A47363CC2893C9AC005942B7 /* FirstViewController */ = {
			isa = PBXGroup;
			children = (
				A46CC35B2892BB1800238ED5 /* FirstViewController4.swift */,
				A47363C42893C79D005942B7 /* FirstViewController4+ViewDidLoad.swift */,
				A47363C22893C77A005942B7 /* FirstViewController4+Actions.swift */,
				A46CC35D2892BBB800238ED5 /* FirstViewController4+ConfigureUIs.swift */,
			);
			path = FirstViewController;
			sourceTree = "<group>";
		};
		A47363CD2893C9C9005942B7 /* GameViewController */ = {
			isa = PBXGroup;
			children = (
				A46CC35F2892BE8700238ED5 /* GameViewController4.swift */,
				A46CC3612892C19A00238ED5 /* GameViewController4+Run.swift */,
				A47A4F6528977D9600A093B1 /* GameViewController4+GetInfo.swift */,
			);
			path = GameViewController;
			sourceTree = "<group>";
		};
		A47363CE2893C9D6005942B7 /* RankingViewController */ = {
			isa = PBXGroup;
			children = (
				A47363B92893C19B005942B7 /* RankingViewController2.swift */,
				A47363C82893C84B005942B7 /* RankingViewController2+ViewDidLoad.swift */,
				A47363C62893C81F005942B7 /* RankingViewController2+TableDelegates.swift */,
				A47363C02893C3EC005942B7 /* RankingViewControll2+ConfigTable.swift */,
			);
			path = RankingViewController;
			sourceTree = "<group>";
		};
		A4785BA82864255A00ABE9DD /* appIcons */ = {
			isa = PBXGroup;
			children = (
				A4785BA9286425F300ABE9DD /* animeBoy40.jpeg */,
				A4785BAD286425F400ABE9DD /* animeBoy58.jpeg */,
				A4785BAA286425F400ABE9DD /* animeBoy60.jpeg */,
				A4785BAB286425F400ABE9DD /* animeBoy80.jpeg */,
				A4785BAC286425F400ABE9DD /* animeBoy87.jpeg */,
				A4785BA5286424AF00ABE9DD /* animeBoy120.jpeg */,
				A4785BA4286424AF00ABE9DD /* animeBoy180.jpeg */,
			);
			path = appIcons;
			sourceTree = "<group>";
		};
		A47F89A6288E31EF00BFD91D /* SettingViewController */ = {
			isa = PBXGroup;
			children = (
				A47F89A7288E320B00BFD91D /* SettingViewController.swift */,
			);
			path = SettingViewController;
			sourceTree = "<group>";
		};
		A47F89AD288E466E00BFD91D /* ProfileViewController */ = {
			isa = PBXGroup;
			children = (
				A47F89AB288E3EA700BFD91D /* ProfileViewController.swift */,
			);
			path = ProfileViewController;
			sourceTree = "<group>";
		};
		B67A73F6222BC324BA7E8C1A /* Frameworks */ = {
			isa = PBXGroup;
			children = (
				A43ED21B2862BA9700221E95 /* libsqlite3.0.tbd */,
				57347C5D84FAA99B5635772B /* Pods_SwiftMemoryGame.framework */,
			);
			name = Frameworks;
			sourceTree = "<group>";
		};
/* End PBXGroup section */

/* Begin PBXNativeTarget section */
		A4277E19286051FB007F66D5 /* SwiftMemoryGame */ = {
			isa = PBXNativeTarget;
			buildConfigurationList = A4277E2E286051FD007F66D5 /* Build configuration list for PBXNativeTarget "SwiftMemoryGame" */;
			buildPhases = (
				48D0D452308A3F36FB3846CA /* [CP] Check Pods Manifest.lock */,
				A4277E16286051FB007F66D5 /* Sources */,
				A4277E17286051FB007F66D5 /* Frameworks */,
				A4277E18286051FB007F66D5 /* Resources */,
				011E363E752E7022FC5DA3BC /* [CP] Embed Pods Frameworks */,
				A43ED21F2862BC9400221E95 /* Embed Frameworks */,
			);
			buildRules = (
			);
			dependencies = (
			);
			name = SwiftMemoryGame;
			productName = SwiftMemoryGame;
			productReference = A4277E1A286051FB007F66D5 /* SwiftMemoryGame.app */;
			productType = "com.apple.product-type.application";
		};
/* End PBXNativeTarget section */

/* Begin PBXProject section */
		A4277E12286051FB007F66D5 /* Project object */ = {
			isa = PBXProject;
			attributes = {
				BuildIndependentTargetsInParallel = 1;
				LastSwiftUpdateCheck = 1340;
				LastUpgradeCheck = 1340;
				TargetAttributes = {
					A4277E19286051FB007F66D5 = {
						CreatedOnToolsVersion = 13.4.1;
					};
				};
			};
			buildConfigurationList = A4277E15286051FB007F66D5 /* Build configuration list for PBXProject "SwiftMemoryGame" */;
			compatibilityVersion = "Xcode 13.0";
			developmentRegion = en;
			hasScannedForEncodings = 0;
			knownRegions = (
				en,
				Base,
			);
			mainGroup = A4277E11286051FB007F66D5;
			productRefGroup = A4277E1B286051FB007F66D5 /* Products */;
			projectDirPath = "";
			projectRoot = "";
			targets = (
				A4277E19286051FB007F66D5 /* SwiftMemoryGame */,
			);
		};
/* End PBXProject section */

/* Begin PBXResourcesBuildPhase section */
		A4277E18286051FB007F66D5 /* Resources */ = {
			isa = PBXResourcesBuildPhase;
			buildActionMask = 2147483647;
			files = (
				A4277E2A286051FD007F66D5 /* LaunchScreen.storyboard in Resources */,
				A4277E27286051FD007F66D5 /* Assets.xcassets in Resources */,
				A4785BB2286425F400ABE9DD /* animeBoy58.jpeg in Resources */,
				A4785BB1286425F400ABE9DD /* animeBoy87.jpeg in Resources */,
				A4DEB8D92895869B004E1478 /* —Pngtree—vector video game icon_4101325.png in Resources */,
				A45D5F6B2861BB10009C86C7 /* RankingCell.xib in Resources */,
				A4785BAE286425F400ABE9DD /* animeBoy40.jpeg in Resources */,
				A4785BA7286424AF00ABE9DD /* animeBoy120.jpeg in Resources */,
				A4785BB0286425F400ABE9DD /* animeBoy80.jpeg in Resources */,
				A47363BF2893C3DB005942B7 /* RankingCell2.xib in Resources */,
				A4785BAF286425F400ABE9DD /* animeBoy60.jpeg in Resources */,
				A432017B288E8E4F0040EB83 /* GameCollectionCell.xib in Resources */,
				A4277E25286051FB007F66D5 /* Main.storyboard in Resources */,
				A4785BA6286424AF00ABE9DD /* animeBoy180.jpeg in Resources */,
				A469A726288C6159001EBDF5 /* SideMenuView.xib in Resources */,
				A44F6ED928859ABF00D04604 /* SideMenuCell.xib in Resources */,
			);
			runOnlyForDeploymentPostprocessing = 0;
		};
/* End PBXResourcesBuildPhase section */

/* Begin PBXShellScriptBuildPhase section */
		011E363E752E7022FC5DA3BC /* [CP] Embed Pods Frameworks */ = {
			isa = PBXShellScriptBuildPhase;
			buildActionMask = 2147483647;
			files = (
			);
			inputFileListPaths = (
				"${PODS_ROOT}/Target Support Files/Pods-SwiftMemoryGame/Pods-SwiftMemoryGame-frameworks-${CONFIGURATION}-input-files.xcfilelist",
			);
			name = "[CP] Embed Pods Frameworks";
			outputFileListPaths = (
				"${PODS_ROOT}/Target Support Files/Pods-SwiftMemoryGame/Pods-SwiftMemoryGame-frameworks-${CONFIGURATION}-output-files.xcfilelist",
			);
			runOnlyForDeploymentPostprocessing = 0;
			shellPath = /bin/sh;
			shellScript = "\"${PODS_ROOT}/Target Support Files/Pods-SwiftMemoryGame/Pods-SwiftMemoryGame-frameworks.sh\"\n";
			showEnvVarsInLog = 0;
		};
		48D0D452308A3F36FB3846CA /* [CP] Check Pods Manifest.lock */ = {
			isa = PBXShellScriptBuildPhase;
			buildActionMask = 2147483647;
			files = (
			);
			inputFileListPaths = (
			);
			inputPaths = (
				"${PODS_PODFILE_DIR_PATH}/Podfile.lock",
				"${PODS_ROOT}/Manifest.lock",
			);
			name = "[CP] Check Pods Manifest.lock";
			outputFileListPaths = (
			);
			outputPaths = (
				"$(DERIVED_FILE_DIR)/Pods-SwiftMemoryGame-checkManifestLockResult.txt",
			);
			runOnlyForDeploymentPostprocessing = 0;
			shellPath = /bin/sh;
			shellScript = "diff \"${PODS_PODFILE_DIR_PATH}/Podfile.lock\" \"${PODS_ROOT}/Manifest.lock\" > /dev/null\nif [ $? != 0 ] ; then\n    # print error to STDERR\n    echo \"error: The sandbox is not in sync with the Podfile.lock. Run 'pod install' or update your CocoaPods installation.\" >&2\n    exit 1\nfi\n# This output is used by Xcode 'outputs' to avoid re-running this script phase.\necho \"SUCCESS\" > \"${SCRIPT_OUTPUT_FILE_0}\"\n";
			showEnvVarsInLog = 0;
		};
/* End PBXShellScriptBuildPhase section */

/* Begin PBXSourcesBuildPhase section */
		A4277E16286051FB007F66D5 /* Sources */ = {
			isa = PBXSourcesBuildPhase;
			buildActionMask = 2147483647;
			files = (
				A441EFBD2861686900250CCA /* GameViewController+Timer.swift in Sources */,
				A4783BC228606B3600C8F058 /* GameViewController+MakeTiles.swift in Sources */,
				A4685DA0288ECA140056DA5F /* HomeViewController+ConfigDatabase1.swift in Sources */,
				A47377A828657C7400DA57D6 /* RankingViewController+SortFunctionFilter.swift in Sources */,
				A45D5F6D2861C0D6009C86C7 /* FirstViewController+ToRanking.swift in Sources */,
				A441EFC328617A0200250CCA /* FirstViewController+StartGame.swift in Sources */,
				A441EFCB28617E2400250CCA /* FirstViewController+PickerConfig.swift in Sources */,
				A4783BCA28606FA400C8F058 /* GameViewController+FlipToReveal.swift in Sources */,
				A432017F288E974C0040EB83 /* HomeViewController+ViewDidLoad.swift in Sources */,
				A47363BE2893C3DB005942B7 /* RankingCell2.swift in Sources */,
				A4783BCE2860741C00C8F058 /* GameViewController+Comparing.swift in Sources */,
				A47F89AC288E3EA700BFD91D /* ProfileViewController.swift in Sources */,
				A4785BB428646BBE00ABE9DD /* RankingViewController+DeleteCell.swift in Sources */,
				A4320175288E85160040EB83 /* HomeViewController+ConfigureUIs.swift in Sources */,
				A47363C12893C3EC005942B7 /* RankingViewControll2+ConfigTable.swift in Sources */,
				A45D5F712861C2CF009C86C7 /* RankingViewController+ConfigTable.swift in Sources */,
				A4685DAB288EDBDC0056DA5F /* FirstViewController3+ConfigureUIs.swift in Sources */,
				A4785BB62864717000ABE9DD /* FirstViewController+SortFunctionDatas.swift in Sources */,
				A4783BC428606B6600C8F058 /* GameViewController+Reset.swift in Sources */,
				A46CC3602892BE8700238ED5 /* GameViewController4.swift in Sources */,
				A47363C72893C81F005942B7 /* RankingViewController2+TableDelegates.swift in Sources */,
				A47B63D5288F848C0015C2F9 /* GameViewController3+ViewDidLoad.swift in Sources */,
				A4783BD228607E5B00C8F058 /* GameViewController+RevealThenCompare.swift in Sources */,
				A4783BC828606C1000C8F058 /* GameViewController+TouchesEnded.swift in Sources */,
				A45D5F6A2861BB10009C86C7 /* RankingCell.swift in Sources */,
				A446BDC32879CEB80008993F /* FirstViewController+SignIn.swift in Sources */,
				A43ED21A2862B83200221E95 /* FirstViewController+ConfigDatabase.swift in Sources */,
				A45D5F6F2861C2AD009C86C7 /* FirstViewController+ConfigDummyData.swift in Sources */,
				A4685DAF288EF6160056DA5F /* GameViewController+ConfigureActions.swift in Sources */,
				A47B63DD288FAA500015C2F9 /* GameViewController2+MakeTiles.swift in Sources */,
				A4320185288E9D080040EB83 /* HomeViewController+SideMenuActions.swift in Sources */,
				A4685DA9288ECDD30056DA5F /* FirstViewController3.swift in Sources */,
				A46EB6912890F21900A32C6E /* HomeViewController+SortFunction.swift in Sources */,
				A4320173288E83F00040EB83 /* HomeViewController.swift in Sources */,
				A45D5F732861C2FD009C86C7 /* RankingViewController+TableDelegates.swift in Sources */,
				A4685DA4288ECACF0056DA5F /* HomeViewController+ViewDidAppear.swift in Sources */,
				A446BDC72879DC550008993F /* FirstViewController+SearchUser.swift in Sources */,
				A436767B288FC0CC001F0B41 /* GameViewController2+GameLogic.swift in Sources */,
				A4783BD02860760100C8F058 /* GameViewController+FlipToWrong.swift in Sources */,
				A43ED2212862BE0700221E95 /* FirstViewController+FetchData.swift in Sources */,
				A458CC61288F013500950043 /* GameViewController+ConfigureGameUIs.swift in Sources */,
				A47B63D7288F84BC0015C2F9 /* GameViewController3+ViewDidAppear.swift in Sources */,
				A44F6ED4288599E500D04604 /* SideMenuViewController+ConfigureTableView.swift in Sources */,
				A47363CB2893C8F1005942B7 /* HomeViewController+ConfigDatabase2.swift in Sources */,
				A44F6ED828859ABF00D04604 /* SideMenuCell.swift in Sources */,
				A47B63DB288FA9E20015C2F9 /* GameViewController2.swift in Sources */,
				A4657A0A288CE5B3007AD8CA /* FirstViewController+SideMenuActions.swift in Sources */,
				A47F89AF288E4B8900BFD91D /* GameViewController+ConfigureUIs.swift in Sources */,
				A4685DAD288EF4DA0056DA5F /* GameViewController3.swift in Sources */,
				A441EFC728617A5000250CCA /* FirstViewController+PrepareForSegue.swift in Sources */,
				A4783BBC2860638C00C8F058 /* tileLabel.swift in Sources */,
				A47363C52893C79E005942B7 /* FirstViewController4+ViewDidLoad.swift in Sources */,
				A4783BC028606AF700C8F058 /* GameViewController+ViewDidLoad.swift in Sources */,
				A4367683288FDE7B001F0B41 /* GameViewController3+Reset.swift in Sources */,
				A47363C92893C84B005942B7 /* RankingViewController2+ViewDidLoad.swift in Sources */,
				A45D5F652861BA3A009C86C7 /* RankingViewController.swift in Sources */,
				A47A4F6628977D9600A093B1 /* GameViewController4+GetInfo.swift in Sources */,
				A45D5F752861C32C009C86C7 /* RankingViewController+ViewDidLoad.swift in Sources */,
				A441EFC928617ACF00250CCA /* FirstViewController+GameMode.swift in Sources */,
				A46EB68F2890F0F600A32C6E /* HomeViewController+ConfigDummyData.swift in Sources */,
				A469A724288C603B001EBDF5 /* FirstViewController+ConfigSideMenu.swift in Sources */,
				A4320183288E9C4C0040EB83 /* HomeViewController+ConfigSideMenu.swift in Sources */,
				A4E1AEC2288C17C80086CA9E /* FirstViewController+ConfigureUIs.swift in Sources */,
				A47363C32893C77A005942B7 /* FirstViewController4+Actions.swift in Sources */,
				A453ACB12861FBCF0039DFB4 /* Note in Sources */,
				A4266E31288EA4D500C98D01 /* FirstViewController2+ConfigureUIs.swift in Sources */,
				A43ED22E2862F63100221E95 /* RankingViewController+ControlSegmentedControl.swift in Sources */,
				A4320187288E9DA50040EB83 /* HomeViewController+SideMenuDelegate.swift in Sources */,
				A4266E2E288EA3ED00C98D01 /* FirstViewController2.swift in Sources */,
				A47B63DF288FADB80015C2F9 /* GameViewController2+ViewDidLoad.swift in Sources */,
				A4685DA2288ECA540056DA5F /* HomeViewController+FetchData.swift in Sources */,
				A436767D288FDB24001F0B41 /* GameViewController2+Reset.swift in Sources */,
				A469A728288C629E001EBDF5 /* SideMenuView+tableDelegates.swift in Sources */,
				A45D5F772861C9E6009C86C7 /* GameViewController+Info.swift in Sources */,
				A47377A628657BA500DA57D6 /* FirstViewController+ComparePlayer.swift in Sources */,
				A4785BA12864052400ABE9DD /* FirstViewController+CreateDatabase.swift in Sources */,
				A47B63E1288FAE120015C2F9 /* GameViewController2+TouchesEnded.swift in Sources */,
				A44F6EDB28859B7A00D04604 /* SideMenuModel.swift in Sources */,
				A4277E22286051FB007F66D5 /* GameViewController.swift in Sources */,
				A46CC35C2892BB1800238ED5 /* FirstViewController4.swift in Sources */,
				A441EFBF28616EDA00250CCA /* FirstViewController.swift in Sources */,
				A46CC3622892C19A00238ED5 /* GameViewController4+Run.swift in Sources */,
				A432017A288E8E4F0040EB83 /* GameCollectionCell.swift in Sources */,
				A46CC35E2892BBB800238ED5 /* FirstViewController4+ConfigureUIs.swift in Sources */,
				A441EFC528617A2300250CCA /* FirstViewController+ViewDidLoad.swift in Sources */,
				A47F89AA288E374400BFD91D /* FirstViewController+SideMenuDelegate.swift in Sources */,
				A441EFC128616F4800250CCA /* GameViewController+ViewDidAppear.swift in Sources */,
				A47B63D9288F85380015C2F9 /* GameViewController3+Winner.swift in Sources */,
				A4320181288E976D0040EB83 /* HomeViewController+CollectionViewDelegates.swift in Sources */,
				A47F89A8288E320B00BFD91D /* SettingViewController.swift in Sources */,
				A453ACAF2861F8660039DFB4 /* FirstViewController+ViewDidAppear.swift in Sources */,
				A441EFCD286182C700250CCA /* FirstViewController+GameModeChosen.swift in Sources */,
				A432017D288E8F180040EB83 /* Game.swift in Sources */,
				A4277E1E286051FB007F66D5 /* AppDelegate.swift in Sources */,
				A43ED2302863043000221E95 /* GameViewController+TimerRun.swift in Sources */,
				A4277E20286051FB007F66D5 /* SceneDelegate.swift in Sources */,
				A44F6ED12885999A00D04604 /* SideMenuView.swift in Sources */,
				A45D5F672861BAA6009C86C7 /* Player.swift in Sources */,
				A446BDC52879D5800008993F /* FirstViewController+SignUp.swift in Sources */,
				A4320177288E8E060040EB83 /* HomeViewController+GameCollectionView.swift in Sources */,
				A47363BA2893C19B005942B7 /* RankingViewController2.swift in Sources */,
				A4783BCC2860726C00C8F058 /* GameViewController+FlipToRight.swift in Sources */,
			);
			runOnlyForDeploymentPostprocessing = 0;
		};
/* End PBXSourcesBuildPhase section */

/* Begin PBXVariantGroup section */
		A4277E23286051FB007F66D5 /* Main.storyboard */ = {
			isa = PBXVariantGroup;
			children = (
				A4277E24286051FB007F66D5 /* Base */,
			);
			name = Main.storyboard;
			sourceTree = "<group>";
		};
		A4277E28286051FD007F66D5 /* LaunchScreen.storyboard */ = {
			isa = PBXVariantGroup;
			children = (
				A4277E29286051FD007F66D5 /* Base */,
			);
			name = LaunchScreen.storyboard;
			sourceTree = "<group>";
		};
/* End PBXVariantGroup section */

/* Begin XCBuildConfiguration section */
		A4277E2C286051FD007F66D5 /* Debug */ = {
			isa = XCBuildConfiguration;
			buildSettings = {
				ALWAYS_SEARCH_USER_PATHS = NO;
				CLANG_ANALYZER_NONNULL = YES;
				CLANG_ANALYZER_NUMBER_OBJECT_CONVERSION = YES_AGGRESSIVE;
				CLANG_CXX_LANGUAGE_STANDARD = "gnu++17";
				CLANG_ENABLE_MODULES = YES;
				CLANG_ENABLE_OBJC_ARC = YES;
				CLANG_ENABLE_OBJC_WEAK = YES;
				CLANG_WARN_BLOCK_CAPTURE_AUTORELEASING = YES;
				CLANG_WARN_BOOL_CONVERSION = YES;
				CLANG_WARN_COMMA = YES;
				CLANG_WARN_CONSTANT_CONVERSION = YES;
				CLANG_WARN_DEPRECATED_OBJC_IMPLEMENTATIONS = YES;
				CLANG_WARN_DIRECT_OBJC_ISA_USAGE = YES_ERROR;
				CLANG_WARN_DOCUMENTATION_COMMENTS = YES;
				CLANG_WARN_EMPTY_BODY = YES;
				CLANG_WARN_ENUM_CONVERSION = YES;
				CLANG_WARN_INFINITE_RECURSION = YES;
				CLANG_WARN_INT_CONVERSION = YES;
				CLANG_WARN_NON_LITERAL_NULL_CONVERSION = YES;
				CLANG_WARN_OBJC_IMPLICIT_RETAIN_SELF = YES;
				CLANG_WARN_OBJC_LITERAL_CONVERSION = YES;
				CLANG_WARN_OBJC_ROOT_CLASS = YES_ERROR;
				CLANG_WARN_QUOTED_INCLUDE_IN_FRAMEWORK_HEADER = YES;
				CLANG_WARN_RANGE_LOOP_ANALYSIS = YES;
				CLANG_WARN_STRICT_PROTOTYPES = YES;
				CLANG_WARN_SUSPICIOUS_MOVE = YES;
				CLANG_WARN_UNGUARDED_AVAILABILITY = YES_AGGRESSIVE;
				CLANG_WARN_UNREACHABLE_CODE = YES;
				CLANG_WARN__DUPLICATE_METHOD_MATCH = YES;
				COPY_PHASE_STRIP = NO;
				DEBUG_INFORMATION_FORMAT = dwarf;
				ENABLE_STRICT_OBJC_MSGSEND = YES;
				ENABLE_TESTABILITY = YES;
				GCC_C_LANGUAGE_STANDARD = gnu11;
				GCC_DYNAMIC_NO_PIC = NO;
				GCC_NO_COMMON_BLOCKS = YES;
				GCC_OPTIMIZATION_LEVEL = 0;
				GCC_PREPROCESSOR_DEFINITIONS = (
					"DEBUG=1",
					"$(inherited)",
				);
				GCC_WARN_64_TO_32_BIT_CONVERSION = YES;
				GCC_WARN_ABOUT_RETURN_TYPE = YES_ERROR;
				GCC_WARN_UNDECLARED_SELECTOR = YES;
				GCC_WARN_UNINITIALIZED_AUTOS = YES_AGGRESSIVE;
				GCC_WARN_UNUSED_FUNCTION = YES;
				GCC_WARN_UNUSED_VARIABLE = YES;
				IPHONEOS_DEPLOYMENT_TARGET = 15.5;
				MTL_ENABLE_DEBUG_INFO = INCLUDE_SOURCE;
				MTL_FAST_MATH = YES;
				ONLY_ACTIVE_ARCH = YES;
				SDKROOT = iphoneos;
				SWIFT_ACTIVE_COMPILATION_CONDITIONS = DEBUG;
				SWIFT_OPTIMIZATION_LEVEL = "-Onone";
			};
			name = Debug;
		};
		A4277E2D286051FD007F66D5 /* Release */ = {
			isa = XCBuildConfiguration;
			buildSettings = {
				ALWAYS_SEARCH_USER_PATHS = NO;
				CLANG_ANALYZER_NONNULL = YES;
				CLANG_ANALYZER_NUMBER_OBJECT_CONVERSION = YES_AGGRESSIVE;
				CLANG_CXX_LANGUAGE_STANDARD = "gnu++17";
				CLANG_ENABLE_MODULES = YES;
				CLANG_ENABLE_OBJC_ARC = YES;
				CLANG_ENABLE_OBJC_WEAK = YES;
				CLANG_WARN_BLOCK_CAPTURE_AUTORELEASING = YES;
				CLANG_WARN_BOOL_CONVERSION = YES;
				CLANG_WARN_COMMA = YES;
				CLANG_WARN_CONSTANT_CONVERSION = YES;
				CLANG_WARN_DEPRECATED_OBJC_IMPLEMENTATIONS = YES;
				CLANG_WARN_DIRECT_OBJC_ISA_USAGE = YES_ERROR;
				CLANG_WARN_DOCUMENTATION_COMMENTS = YES;
				CLANG_WARN_EMPTY_BODY = YES;
				CLANG_WARN_ENUM_CONVERSION = YES;
				CLANG_WARN_INFINITE_RECURSION = YES;
				CLANG_WARN_INT_CONVERSION = YES;
				CLANG_WARN_NON_LITERAL_NULL_CONVERSION = YES;
				CLANG_WARN_OBJC_IMPLICIT_RETAIN_SELF = YES;
				CLANG_WARN_OBJC_LITERAL_CONVERSION = YES;
				CLANG_WARN_OBJC_ROOT_CLASS = YES_ERROR;
				CLANG_WARN_QUOTED_INCLUDE_IN_FRAMEWORK_HEADER = YES;
				CLANG_WARN_RANGE_LOOP_ANALYSIS = YES;
				CLANG_WARN_STRICT_PROTOTYPES = YES;
				CLANG_WARN_SUSPICIOUS_MOVE = YES;
				CLANG_WARN_UNGUARDED_AVAILABILITY = YES_AGGRESSIVE;
				CLANG_WARN_UNREACHABLE_CODE = YES;
				CLANG_WARN__DUPLICATE_METHOD_MATCH = YES;
				COPY_PHASE_STRIP = NO;
				DEBUG_INFORMATION_FORMAT = "dwarf-with-dsym";
				ENABLE_NS_ASSERTIONS = NO;
				ENABLE_STRICT_OBJC_MSGSEND = YES;
				GCC_C_LANGUAGE_STANDARD = gnu11;
				GCC_NO_COMMON_BLOCKS = YES;
				GCC_WARN_64_TO_32_BIT_CONVERSION = YES;
				GCC_WARN_ABOUT_RETURN_TYPE = YES_ERROR;
				GCC_WARN_UNDECLARED_SELECTOR = YES;
				GCC_WARN_UNINITIALIZED_AUTOS = YES_AGGRESSIVE;
				GCC_WARN_UNUSED_FUNCTION = YES;
				GCC_WARN_UNUSED_VARIABLE = YES;
				IPHONEOS_DEPLOYMENT_TARGET = 15.5;
				MTL_ENABLE_DEBUG_INFO = NO;
				MTL_FAST_MATH = YES;
				SDKROOT = iphoneos;
				SWIFT_COMPILATION_MODE = wholemodule;
				SWIFT_OPTIMIZATION_LEVEL = "-O";
				VALIDATE_PRODUCT = YES;
			};
			name = Release;
		};
		A4277E2F286051FD007F66D5 /* Debug */ = {
			isa = XCBuildConfiguration;
			baseConfigurationReference = 792BE152468C8564445B2C98 /* Pods-SwiftMemoryGame.debug.xcconfig */;
			buildSettings = {
				ASSETCATALOG_COMPILER_APPICON_NAME = AppIcon;
				ASSETCATALOG_COMPILER_GLOBAL_ACCENT_COLOR_NAME = AccentColor;
				CODE_SIGN_STYLE = Automatic;
				CURRENT_PROJECT_VERSION = 1;
				DEVELOPMENT_TEAM = YCQ2KCMFJZ;
				GENERATE_INFOPLIST_FILE = YES;
				INFOPLIST_FILE = SwiftMemoryGame/Info.plist;
				INFOPLIST_KEY_UIApplicationSupportsIndirectInputEvents = YES;
				INFOPLIST_KEY_UILaunchStoryboardName = LaunchScreen;
				INFOPLIST_KEY_UIMainStoryboardFile = Main;
				INFOPLIST_KEY_UISupportedInterfaceOrientations_iPad = "UIInterfaceOrientationPortrait UIInterfaceOrientationPortraitUpsideDown UIInterfaceOrientationLandscapeLeft UIInterfaceOrientationLandscapeRight";
				INFOPLIST_KEY_UISupportedInterfaceOrientations_iPhone = "UIInterfaceOrientationPortrait UIInterfaceOrientationLandscapeLeft UIInterfaceOrientationLandscapeRight";
				IPHONEOS_DEPLOYMENT_TARGET = 15.5;
				LD_RUNPATH_SEARCH_PATHS = (
					"$(inherited)",
					"@executable_path/Frameworks",
				);
				MARKETING_VERSION = 1.0;
				PRODUCT_BUNDLE_IDENTIFIER = tuanlm.progSwiftBasics;
				PRODUCT_NAME = "$(TARGET_NAME)";
				SWIFT_EMIT_LOC_STRINGS = YES;
				SWIFT_VERSION = 5.0;
				TARGETED_DEVICE_FAMILY = "1,2";
			};
			name = Debug;
		};
		A4277E30286051FD007F66D5 /* Release */ = {
			isa = XCBuildConfiguration;
			baseConfigurationReference = 1CC574B3A82E89CCDC04F66A /* Pods-SwiftMemoryGame.release.xcconfig */;
			buildSettings = {
				ASSETCATALOG_COMPILER_APPICON_NAME = AppIcon;
				ASSETCATALOG_COMPILER_GLOBAL_ACCENT_COLOR_NAME = AccentColor;
				CODE_SIGN_STYLE = Automatic;
				CURRENT_PROJECT_VERSION = 1;
				DEVELOPMENT_TEAM = YCQ2KCMFJZ;
				GENERATE_INFOPLIST_FILE = YES;
				INFOPLIST_FILE = SwiftMemoryGame/Info.plist;
				INFOPLIST_KEY_UIApplicationSupportsIndirectInputEvents = YES;
				INFOPLIST_KEY_UILaunchStoryboardName = LaunchScreen;
				INFOPLIST_KEY_UIMainStoryboardFile = Main;
				INFOPLIST_KEY_UISupportedInterfaceOrientations_iPad = "UIInterfaceOrientationPortrait UIInterfaceOrientationPortraitUpsideDown UIInterfaceOrientationLandscapeLeft UIInterfaceOrientationLandscapeRight";
				INFOPLIST_KEY_UISupportedInterfaceOrientations_iPhone = "UIInterfaceOrientationPortrait UIInterfaceOrientationLandscapeLeft UIInterfaceOrientationLandscapeRight";
				IPHONEOS_DEPLOYMENT_TARGET = 15.5;
				LD_RUNPATH_SEARCH_PATHS = (
					"$(inherited)",
					"@executable_path/Frameworks",
				);
				MARKETING_VERSION = 1.0;
				PRODUCT_BUNDLE_IDENTIFIER = tuanlm.progSwiftBasics;
				PRODUCT_NAME = "$(TARGET_NAME)";
				SWIFT_EMIT_LOC_STRINGS = YES;
				SWIFT_VERSION = 5.0;
				TARGETED_DEVICE_FAMILY = "1,2";
			};
			name = Release;
		};
/* End XCBuildConfiguration section */

/* Begin XCConfigurationList section */
		A4277E15286051FB007F66D5 /* Build configuration list for PBXProject "SwiftMemoryGame" */ = {
			isa = XCConfigurationList;
			buildConfigurations = (
				A4277E2C286051FD007F66D5 /* Debug */,
				A4277E2D286051FD007F66D5 /* Release */,
			);
			defaultConfigurationIsVisible = 0;
			defaultConfigurationName = Release;
		};
		A4277E2E286051FD007F66D5 /* Build configuration list for PBXNativeTarget "SwiftMemoryGame" */ = {
			isa = XCConfigurationList;
			buildConfigurations = (
				A4277E2F286051FD007F66D5 /* Debug */,
				A4277E30286051FD007F66D5 /* Release */,
			);
			defaultConfigurationIsVisible = 0;
			defaultConfigurationName = Release;
		};
/* End XCConfigurationList section */
	};
	rootObject = A4277E12286051FB007F66D5 /* Project object */;
}
